// !$*UTF8*$!
{
	archiveVersion = 1;
	classes = {
	};
	objectVersion = 42;
	objects = {

/* Begin PBXBuildFile section */
		648D421B11D1822E0079562A /* dbhandler.cpp in Sources */ = {isa = PBXBuildFile; fileRef = 648D421711D1822E0079562A /* dbhandler.cpp */; };
		648D421C11D1822E0079562A /* Terminal.cpp in Sources */ = {isa = PBXBuildFile; fileRef = 648D421911D1822E0079562A /* Terminal.cpp */; };
		64E426DB11D160C800C76E74 /* libdbug.a in Frameworks */ = {isa = PBXBuildFile; fileRef = 64E426D011D160C800C76E74 /* libdbug.a */; };
		64E426DC11D160C800C76E74 /* libheap.a in Frameworks */ = {isa = PBXBuildFile; fileRef = 64E426D111D160C800C76E74 /* libheap.a */; };
		64E426DD11D160C800C76E74 /* libmyisam.a in Frameworks */ = {isa = PBXBuildFile; fileRef = 64E426D211D160C800C76E74 /* libmyisam.a */; };
		64E426DE11D160C800C76E74 /* libmyisammrg.a in Frameworks */ = {isa = PBXBuildFile; fileRef = 64E426D311D160C800C76E74 /* libmyisammrg.a */; };
		64E426DF11D160C800C76E74 /* libmysqlclient_r.a in Frameworks */ = {isa = PBXBuildFile; fileRef = 64E426D411D160C800C76E74 /* libmysqlclient_r.a */; };
		64E426E011D160C800C76E74 /* libmysqlclient.a in Frameworks */ = {isa = PBXBuildFile; fileRef = 64E426D611D160C800C76E74 /* libmysqlclient.a */; };
		64E426E111D160C800C76E74 /* libmystrings.a in Frameworks */ = {isa = PBXBuildFile; fileRef = 64E426D811D160C800C76E74 /* libmystrings.a */; };
		64E426E211D160C800C76E74 /* libmysys.a in Frameworks */ = {isa = PBXBuildFile; fileRef = 64E426D911D160C800C76E74 /* libmysys.a */; };
		64E426E311D160C800C76E74 /* libvio.a in Frameworks */ = {isa = PBXBuildFile; fileRef = 64E426DA11D160C800C76E74 /* libvio.a */; };
		CDADB03C11D12EB6007A923C /* libmysql.lib in Frameworks */ = {isa = PBXBuildFile; fileRef = CDADB03611D12EB6007A923C /* libmysql.lib */; };
		CDADB03D11D12EB6007A923C /* mysqlclient.lib in Frameworks */ = {isa = PBXBuildFile; fileRef = CDADB03711D12EB6007A923C /* mysqlclient.lib */; };
		CDADB03E11D12EB6007A923C /* mysys.lib in Frameworks */ = {isa = PBXBuildFile; fileRef = CDADB03811D12EB6007A923C /* mysys.lib */; };
		CDADB03F11D12EB6007A923C /* regex.lib in Frameworks */ = {isa = PBXBuildFile; fileRef = CDADB03911D12EB6007A923C /* regex.lib */; };
		CDADB04011D12EB6007A923C /* strings.lib in Frameworks */ = {isa = PBXBuildFile; fileRef = CDADB03A11D12EB6007A923C /* strings.lib */; };
		CDADB04111D12EB6007A923C /* zlib.lib in Frameworks */ = {isa = PBXBuildFile; fileRef = CDADB03B11D12EB6007A923C /* zlib.lib */; };
		CDEE445311CF65A500E436A1 /* fidtrackX.cpp in Sources */ = {isa = PBXBuildFile; fileRef = CDEE43D111CF65A400E436A1 /* fidtrackX.cpp */; };
		CDEE445411CF65A500E436A1 /* segment.cpp in Sources */ = {isa = PBXBuildFile; fileRef = CDEE43D411CF65A400E436A1 /* segment.cpp */; };
		CDEE445511CF65A500E436A1 /* treeidmap.cpp in Sources */ = {isa = PBXBuildFile; fileRef = CDEE43D611CF65A400E436A1 /* treeidmap.cpp */; };
		CDEE445611CF65A500E436A1 /* ofxFiducialFinder.cpp in Sources */ = {isa = PBXBuildFile; fileRef = CDEE43DA11CF65A400E436A1 /* ofxFiducialFinder.cpp */; };
		CDEE445711CF65A500E436A1 /* ofxFiducialTracker.cpp in Sources */ = {isa = PBXBuildFile; fileRef = CDEE43DC11CF65A400E436A1 /* ofxFiducialTracker.cpp */; };
		CDEE445911CF65A500E436A1 /* openCV.a in Frameworks */ = {isa = PBXBuildFile; fileRef = CDEE43FF11CF65A400E436A1 /* openCV.a */; };
		CDEE445A11CF65A500E436A1 /* ofxCvColorImage.cpp in Sources */ = {isa = PBXBuildFile; fileRef = CDEE440211CF65A400E436A1 /* ofxCvColorImage.cpp */; };
		CDEE445B11CF65A500E436A1 /* ofxCvContourFinder.cpp in Sources */ = {isa = PBXBuildFile; fileRef = CDEE440511CF65A500E436A1 /* ofxCvContourFinder.cpp */; };
		CDEE445C11CF65A500E436A1 /* ofxCvFloatImage.cpp in Sources */ = {isa = PBXBuildFile; fileRef = CDEE440711CF65A500E436A1 /* ofxCvFloatImage.cpp */; };
		CDEE445D11CF65A500E436A1 /* ofxCvGrayscaleImage.cpp in Sources */ = {isa = PBXBuildFile; fileRef = CDEE440911CF65A500E436A1 /* ofxCvGrayscaleImage.cpp */; };
		CDEE445E11CF65A500E436A1 /* ofxCvImage.cpp in Sources */ = {isa = PBXBuildFile; fileRef = CDEE440B11CF65A500E436A1 /* ofxCvImage.cpp */; };
		CDEE445F11CF65A500E436A1 /* ofxCvShortImage.cpp in Sources */ = {isa = PBXBuildFile; fileRef = CDEE440E11CF65A500E436A1 /* ofxCvShortImage.cpp */; };
		CDEE449211CF669B00E436A1 /* sqlite3.c in Sources */ = {isa = PBXBuildFile; fileRef = CDEE447F11CF669B00E436A1 /* sqlite3.c */; };
		CDEE449311CF669B00E436A1 /* ofxSQLite.cpp in Sources */ = {isa = PBXBuildFile; fileRef = CDEE448211CF669B00E436A1 /* ofxSQLite.cpp */; };
		CDEE449411CF669B00E436A1 /* ofxSQLiteAbstract.cpp in Sources */ = {isa = PBXBuildFile; fileRef = CDEE448411CF669B00E436A1 /* ofxSQLiteAbstract.cpp */; };
		CDEE449511CF669B00E436A1 /* ofxSQLiteDelete.cpp in Sources */ = {isa = PBXBuildFile; fileRef = CDEE448611CF669B00E436A1 /* ofxSQLiteDelete.cpp */; };
		CDEE449611CF669B00E436A1 /* ofxSQLiteFieldValues.cpp in Sources */ = {isa = PBXBuildFile; fileRef = CDEE448811CF669B00E436A1 /* ofxSQLiteFieldValues.cpp */; };
		CDEE449711CF669B00E436A1 /* ofxSQLiteInsert.cpp in Sources */ = {isa = PBXBuildFile; fileRef = CDEE448B11CF669B00E436A1 /* ofxSQLiteInsert.cpp */; };
		CDEE449811CF669B00E436A1 /* ofxSQLiteSelect.cpp in Sources */ = {isa = PBXBuildFile; fileRef = CDEE448D11CF669B00E436A1 /* ofxSQLiteSelect.cpp */; };
		CDEE449911CF669B00E436A1 /* ofxSQLiteUpdate.cpp in Sources */ = {isa = PBXBuildFile; fileRef = CDEE448F11CF669B00E436A1 /* ofxSQLiteUpdate.cpp */; };
		E45BE0AA0E8CC67C009D7055 /* GLee.a in Frameworks */ = {isa = PBXBuildFile; fileRef = E45BE0A90E8CC67C009D7055 /* GLee.a */; };
		E45BE2E40E8CC69C009D7055 /* rtAudio.a in Frameworks */ = {isa = PBXBuildFile; fileRef = E45BE2E30E8CC69C009D7055 /* rtAudio.a */; };
		E45BE97B0E8CC7DD009D7055 /* AGL.framework in Frameworks */ = {isa = PBXBuildFile; fileRef = E45BE9710E8CC7DD009D7055 /* AGL.framework */; };
		E45BE97C0E8CC7DD009D7055 /* ApplicationServices.framework in Frameworks */ = {isa = PBXBuildFile; fileRef = E45BE9720E8CC7DD009D7055 /* ApplicationServices.framework */; };
		E45BE97D0E8CC7DD009D7055 /* AudioToolbox.framework in Frameworks */ = {isa = PBXBuildFile; fileRef = E45BE9730E8CC7DD009D7055 /* AudioToolbox.framework */; };
		E45BE97E0E8CC7DD009D7055 /* Carbon.framework in Frameworks */ = {isa = PBXBuildFile; fileRef = E45BE9740E8CC7DD009D7055 /* Carbon.framework */; };
		E45BE97F0E8CC7DD009D7055 /* CoreAudio.framework in Frameworks */ = {isa = PBXBuildFile; fileRef = E45BE9750E8CC7DD009D7055 /* CoreAudio.framework */; };
		E45BE9800E8CC7DD009D7055 /* CoreFoundation.framework in Frameworks */ = {isa = PBXBuildFile; fileRef = E45BE9760E8CC7DD009D7055 /* CoreFoundation.framework */; };
		E45BE9810E8CC7DD009D7055 /* CoreServices.framework in Frameworks */ = {isa = PBXBuildFile; fileRef = E45BE9770E8CC7DD009D7055 /* CoreServices.framework */; };
		E45BE9830E8CC7DD009D7055 /* OpenGL.framework in Frameworks */ = {isa = PBXBuildFile; fileRef = E45BE9790E8CC7DD009D7055 /* OpenGL.framework */; };
		E45BE9840E8CC7DD009D7055 /* QuickTime.framework in Frameworks */ = {isa = PBXBuildFile; fileRef = E45BE97A0E8CC7DD009D7055 /* QuickTime.framework */; };
		E4B69E200A3A1BDC003C02F2 /* main.cpp in Sources */ = {isa = PBXBuildFile; fileRef = E4B69E1D0A3A1BDC003C02F2 /* main.cpp */; };
		E4B69E210A3A1BDC003C02F2 /* cubu.cpp in Sources */ = {isa = PBXBuildFile; fileRef = E4B69E1E0A3A1BDC003C02F2 /* cubu.cpp */; };
		E4C2422B10CC554B004149E2 /* openFrameworksDebug.a in Frameworks */ = {isa = PBXBuildFile; fileRef = E4C2421E10CC549C004149E2 /* openFrameworksDebug.a */; };
		E4C2424710CC5A17004149E2 /* AppKit.framework in Frameworks */ = {isa = PBXBuildFile; fileRef = E4C2424410CC5A17004149E2 /* AppKit.framework */; };
		E4C2424810CC5A17004149E2 /* Cocoa.framework in Frameworks */ = {isa = PBXBuildFile; fileRef = E4C2424510CC5A17004149E2 /* Cocoa.framework */; };
		E4C2424910CC5A17004149E2 /* IOKit.framework in Frameworks */ = {isa = PBXBuildFile; fileRef = E4C2424610CC5A17004149E2 /* IOKit.framework */; };
		E4C2426610CC5A78004149E2 /* GLUT.framework in Frameworks */ = {isa = PBXBuildFile; fileRef = E4C2425F10CC5A78004149E2 /* GLUT.framework */; };
		E4C2426B10CC5AA6004149E2 /* GLUT.framework in CopyFiles */ = {isa = PBXBuildFile; fileRef = E4C2425F10CC5A78004149E2 /* GLUT.framework */; };
		E4C2427F10CC5B66004149E2 /* CppUnit.a in Frameworks */ = {isa = PBXBuildFile; fileRef = E4C2427A10CC5B66004149E2 /* CppUnit.a */; };
		E4C2428010CC5B66004149E2 /* PocoFoundation.a in Frameworks */ = {isa = PBXBuildFile; fileRef = E4C2427B10CC5B66004149E2 /* PocoFoundation.a */; };
		E4C2428110CC5B66004149E2 /* PocoNet.a in Frameworks */ = {isa = PBXBuildFile; fileRef = E4C2427C10CC5B66004149E2 /* PocoNet.a */; };
		E4C2428210CC5B66004149E2 /* PocoUtil.a in Frameworks */ = {isa = PBXBuildFile; fileRef = E4C2427D10CC5B66004149E2 /* PocoUtil.a */; };
		E4C2428310CC5B66004149E2 /* PocoXML.a in Frameworks */ = {isa = PBXBuildFile; fileRef = E4C2427E10CC5B66004149E2 /* PocoXML.a */; };
		E4C2429410CC5C38004149E2 /* freetype.a in Frameworks */ = {isa = PBXBuildFile; fileRef = E4C2429310CC5C38004149E2 /* freetype.a */; };
		E4C242CD10CC650E004149E2 /* libfmodex.dylib in Frameworks */ = {isa = PBXBuildFile; fileRef = E4C242CC10CC650E004149E2 /* libfmodex.dylib */; };
		E4C2443910CC7693004149E2 /* openFrameworks-Info.plist in CopyFiles */ = {isa = PBXBuildFile; fileRef = E4B6FCAD0C3E899E008CF71C /* openFrameworks-Info.plist */; };
		E4C246DA10CCAE22004149E2 /* freeimage.a in Frameworks */ = {isa = PBXBuildFile; fileRef = E4C246D910CCAE22004149E2 /* freeimage.a */; };
/* End PBXBuildFile section */

/* Begin PBXContainerItemProxy section */
		E4C2421D10CC549C004149E2 /* PBXContainerItemProxy */ = {
			isa = PBXContainerItemProxy;
			containerPortal = E4C2421610CC549C004149E2 /* openFrameworksLib.xcodeproj */;
			proxyType = 2;
			remoteGlobalIDString = E4B27C1510CBEB8E00536013;
			remoteInfo = openFrameworks;
		};
		E4C2422710CC54DA004149E2 /* PBXContainerItemProxy */ = {
			isa = PBXContainerItemProxy;
			containerPortal = E4C2421610CC549C004149E2 /* openFrameworksLib.xcodeproj */;
			proxyType = 1;
			remoteGlobalIDString = E4B27C1410CBEB8E00536013;
			remoteInfo = openFrameworks;
		};
/* End PBXContainerItemProxy section */

/* Begin PBXCopyFilesBuildPhase section */
		E4C2427710CC5ABF004149E2 /* CopyFiles */ = {
			isa = PBXCopyFilesBuildPhase;
			buildActionMask = 2147483647;
			dstPath = "";
			dstSubfolderSpec = 10;
			files = (
				E4C2426B10CC5AA6004149E2 /* GLUT.framework in CopyFiles */,
			);
			runOnlyForDeploymentPostprocessing = 0;
		};
		E4C2444710CC769B004149E2 /* CopyFiles */ = {
			isa = PBXCopyFilesBuildPhase;
			buildActionMask = 2147483647;
			dstPath = "";
			dstSubfolderSpec = 7;
			files = (
				E4C2443910CC7693004149E2 /* openFrameworks-Info.plist in CopyFiles */,
			);
			runOnlyForDeploymentPostprocessing = 0;
		};
/* End PBXCopyFilesBuildPhase section */

/* Begin PBXFileReference section */
		648D421711D1822E0079562A /* dbhandler.cpp */ = {isa = PBXFileReference; fileEncoding = 4; lastKnownFileType = sourcecode.cpp.cpp; name = dbhandler.cpp; path = src/dbhandler.cpp; sourceTree = SOURCE_ROOT; };
		648D421811D1822E0079562A /* dbhandler.h */ = {isa = PBXFileReference; fileEncoding = 4; lastKnownFileType = sourcecode.c.h; name = dbhandler.h; path = src/dbhandler.h; sourceTree = SOURCE_ROOT; };
		648D421911D1822E0079562A /* Terminal.cpp */ = {isa = PBXFileReference; fileEncoding = 4; lastKnownFileType = sourcecode.cpp.cpp; name = Terminal.cpp; path = src/Terminal.cpp; sourceTree = SOURCE_ROOT; };
		648D421A11D1822E0079562A /* Terminal.h */ = {isa = PBXFileReference; fileEncoding = 4; lastKnownFileType = sourcecode.c.h; name = Terminal.h; path = src/Terminal.h; sourceTree = SOURCE_ROOT; };
		64E426D011D160C800C76E74 /* libdbug.a */ = {isa = PBXFileReference; lastKnownFileType = archive.ar; name = libdbug.a; path = mysql/mac/libdbug.a; sourceTree = SOURCE_ROOT; };
		64E426D111D160C800C76E74 /* libheap.a */ = {isa = PBXFileReference; lastKnownFileType = archive.ar; name = libheap.a; path = mysql/mac/libheap.a; sourceTree = SOURCE_ROOT; };
		64E426D211D160C800C76E74 /* libmyisam.a */ = {isa = PBXFileReference; lastKnownFileType = archive.ar; name = libmyisam.a; path = mysql/mac/libmyisam.a; sourceTree = SOURCE_ROOT; };
		64E426D311D160C800C76E74 /* libmyisammrg.a */ = {isa = PBXFileReference; lastKnownFileType = archive.ar; name = libmyisammrg.a; path = mysql/mac/libmyisammrg.a; sourceTree = SOURCE_ROOT; };
		64E426D411D160C800C76E74 /* libmysqlclient_r.a */ = {isa = PBXFileReference; lastKnownFileType = archive.ar; name = libmysqlclient_r.a; path = mysql/mac/libmysqlclient_r.a; sourceTree = SOURCE_ROOT; };
		64E426D511D160C800C76E74 /* libmysqlclient_r.la */ = {isa = PBXFileReference; fileEncoding = 4; lastKnownFileType = text; name = libmysqlclient_r.la; path = mysql/mac/libmysqlclient_r.la; sourceTree = SOURCE_ROOT; };
		64E426D611D160C800C76E74 /* libmysqlclient.a */ = {isa = PBXFileReference; lastKnownFileType = archive.ar; name = libmysqlclient.a; path = mysql/mac/libmysqlclient.a; sourceTree = SOURCE_ROOT; };
		64E426D711D160C800C76E74 /* libmysqlclient.la */ = {isa = PBXFileReference; fileEncoding = 4; lastKnownFileType = text; name = libmysqlclient.la; path = mysql/mac/libmysqlclient.la; sourceTree = SOURCE_ROOT; };
		64E426D811D160C800C76E74 /* libmystrings.a */ = {isa = PBXFileReference; lastKnownFileType = archive.ar; name = libmystrings.a; path = mysql/mac/libmystrings.a; sourceTree = SOURCE_ROOT; };
		64E426D911D160C800C76E74 /* libmysys.a */ = {isa = PBXFileReference; lastKnownFileType = archive.ar; name = libmysys.a; path = mysql/mac/libmysys.a; sourceTree = SOURCE_ROOT; };
		64E426DA11D160C800C76E74 /* libvio.a */ = {isa = PBXFileReference; lastKnownFileType = archive.ar; name = libvio.a; path = mysql/mac/libvio.a; sourceTree = SOURCE_ROOT; };
		CDADB01311D12E9C007A923C /* config-win.h */ = {isa = PBXFileReference; fileEncoding = 4; lastKnownFileType = sourcecode.c.h; path = "config-win.h"; sourceTree = "<group>"; };
		CDADB01411D12E9C007A923C /* decimal.h */ = {isa = PBXFileReference; fileEncoding = 4; lastKnownFileType = sourcecode.c.h; path = decimal.h; sourceTree = "<group>"; };
		CDADB01511D12E9C007A923C /* errmsg.h */ = {isa = PBXFileReference; fileEncoding = 4; lastKnownFileType = sourcecode.c.h; path = errmsg.h; sourceTree = "<group>"; };
		CDADB01611D12E9C007A923C /* keycache.h */ = {isa = PBXFileReference; fileEncoding = 4; lastKnownFileType = sourcecode.c.h; path = keycache.h; sourceTree = "<group>"; };
		CDADB01711D12E9C007A923C /* m_ctype.h */ = {isa = PBXFileReference; fileEncoding = 4; lastKnownFileType = sourcecode.c.h; path = m_ctype.h; sourceTree = "<group>"; };
		CDADB01811D12E9C007A923C /* m_string.h */ = {isa = PBXFileReference; fileEncoding = 4; lastKnownFileType = sourcecode.c.h; path = m_string.h; sourceTree = "<group>"; };
		CDADB01911D12E9C007A923C /* my_alloc.h */ = {isa = PBXFileReference; fileEncoding = 4; lastKnownFileType = sourcecode.c.h; path = my_alloc.h; sourceTree = "<group>"; };
		CDADB01A11D12E9C007A923C /* my_attribute.h */ = {isa = PBXFileReference; fileEncoding = 4; lastKnownFileType = sourcecode.c.h; path = my_attribute.h; sourceTree = "<group>"; };
		CDADB01B11D12E9C007A923C /* my_dbug.h */ = {isa = PBXFileReference; fileEncoding = 4; lastKnownFileType = sourcecode.c.h; path = my_dbug.h; sourceTree = "<group>"; };
		CDADB01C11D12E9C007A923C /* my_dir.h */ = {isa = PBXFileReference; fileEncoding = 4; lastKnownFileType = sourcecode.c.h; path = my_dir.h; sourceTree = "<group>"; };
		CDADB01D11D12E9C007A923C /* my_getopt.h */ = {isa = PBXFileReference; fileEncoding = 4; lastKnownFileType = sourcecode.c.h; path = my_getopt.h; sourceTree = "<group>"; };
		CDADB01E11D12E9C007A923C /* my_global.h */ = {isa = PBXFileReference; fileEncoding = 4; lastKnownFileType = sourcecode.c.h; path = my_global.h; sourceTree = "<group>"; };
		CDADB01F11D12E9C007A923C /* my_list.h */ = {isa = PBXFileReference; fileEncoding = 4; lastKnownFileType = sourcecode.c.h; path = my_list.h; sourceTree = "<group>"; };
		CDADB02011D12E9C007A923C /* my_net.h */ = {isa = PBXFileReference; fileEncoding = 4; lastKnownFileType = sourcecode.c.h; path = my_net.h; sourceTree = "<group>"; };
		CDADB02111D12E9C007A923C /* my_no_pthread.h */ = {isa = PBXFileReference; fileEncoding = 4; lastKnownFileType = sourcecode.c.h; path = my_no_pthread.h; sourceTree = "<group>"; };
		CDADB02211D12E9C007A923C /* my_pthread.h */ = {isa = PBXFileReference; fileEncoding = 4; lastKnownFileType = sourcecode.c.h; path = my_pthread.h; sourceTree = "<group>"; };
		CDADB02311D12E9C007A923C /* my_sys.h */ = {isa = PBXFileReference; fileEncoding = 4; lastKnownFileType = sourcecode.c.h; path = my_sys.h; sourceTree = "<group>"; };
		CDADB02411D12E9C007A923C /* my_xml.h */ = {isa = PBXFileReference; fileEncoding = 4; lastKnownFileType = sourcecode.c.h; path = my_xml.h; sourceTree = "<group>"; };
		CDADB02611D12E9C007A923C /* plugin.h */ = {isa = PBXFileReference; fileEncoding = 4; lastKnownFileType = sourcecode.c.h; path = plugin.h; sourceTree = "<group>"; };
		CDADB02711D12E9C007A923C /* mysql.h */ = {isa = PBXFileReference; fileEncoding = 4; lastKnownFileType = sourcecode.c.h; path = mysql.h; sourceTree = "<group>"; };
		CDADB02811D12E9C007A923C /* mysql_com.h */ = {isa = PBXFileReference; fileEncoding = 4; lastKnownFileType = sourcecode.c.h; path = mysql_com.h; sourceTree = "<group>"; };
		CDADB02911D12E9C007A923C /* mysql_embed.h */ = {isa = PBXFileReference; fileEncoding = 4; lastKnownFileType = sourcecode.c.h; path = mysql_embed.h; sourceTree = "<group>"; };
		CDADB02A11D12E9C007A923C /* mysql_time.h */ = {isa = PBXFileReference; fileEncoding = 4; lastKnownFileType = sourcecode.c.h; path = mysql_time.h; sourceTree = "<group>"; };
		CDADB02B11D12E9C007A923C /* mysql_version.h */ = {isa = PBXFileReference; fileEncoding = 4; lastKnownFileType = sourcecode.c.h; path = mysql_version.h; sourceTree = "<group>"; };
		CDADB02C11D12E9C007A923C /* mysqld_ername.h */ = {isa = PBXFileReference; fileEncoding = 4; lastKnownFileType = sourcecode.c.h; path = mysqld_ername.h; sourceTree = "<group>"; };
		CDADB02D11D12E9C007A923C /* mysqld_error.h */ = {isa = PBXFileReference; fileEncoding = 4; lastKnownFileType = sourcecode.c.h; path = mysqld_error.h; sourceTree = "<group>"; };
		CDADB02E11D12E9C007A923C /* sql_common.h */ = {isa = PBXFileReference; fileEncoding = 4; lastKnownFileType = sourcecode.c.h; path = sql_common.h; sourceTree = "<group>"; };
		CDADB02F11D12E9C007A923C /* sql_state.h */ = {isa = PBXFileReference; fileEncoding = 4; lastKnownFileType = sourcecode.c.h; path = sql_state.h; sourceTree = "<group>"; };
		CDADB03011D12E9C007A923C /* sslopt-case.h */ = {isa = PBXFileReference; fileEncoding = 4; lastKnownFileType = sourcecode.c.h; path = "sslopt-case.h"; sourceTree = "<group>"; };
		CDADB03111D12E9C007A923C /* sslopt-longopts.h */ = {isa = PBXFileReference; fileEncoding = 4; lastKnownFileType = sourcecode.c.h; path = "sslopt-longopts.h"; sourceTree = "<group>"; };
		CDADB03211D12E9C007A923C /* sslopt-vars.h */ = {isa = PBXFileReference; fileEncoding = 4; lastKnownFileType = sourcecode.c.h; path = "sslopt-vars.h"; sourceTree = "<group>"; };
		CDADB03311D12E9C007A923C /* typelib.h */ = {isa = PBXFileReference; fileEncoding = 4; lastKnownFileType = sourcecode.c.h; path = typelib.h; sourceTree = "<group>"; };
		CDADB03511D12EB6007A923C /* libmysql.dll */ = {isa = PBXFileReference; lastKnownFileType = file; path = libmysql.dll; sourceTree = "<group>"; };
		CDADB03611D12EB6007A923C /* libmysql.lib */ = {isa = PBXFileReference; lastKnownFileType = archive.ar; path = libmysql.lib; sourceTree = "<group>"; };
		CDADB03711D12EB6007A923C /* mysqlclient.lib */ = {isa = PBXFileReference; lastKnownFileType = archive.ar; path = mysqlclient.lib; sourceTree = "<group>"; };
		CDADB03811D12EB6007A923C /* mysys.lib */ = {isa = PBXFileReference; lastKnownFileType = archive.ar; path = mysys.lib; sourceTree = "<group>"; };
		CDADB03911D12EB6007A923C /* regex.lib */ = {isa = PBXFileReference; lastKnownFileType = archive.ar; path = regex.lib; sourceTree = "<group>"; };
		CDADB03A11D12EB6007A923C /* strings.lib */ = {isa = PBXFileReference; lastKnownFileType = archive.ar; path = strings.lib; sourceTree = "<group>"; };
		CDADB03B11D12EB6007A923C /* zlib.lib */ = {isa = PBXFileReference; lastKnownFileType = archive.ar; path = zlib.lib; sourceTree = "<group>"; };
		CDEE43CF11CF65A400E436A1 /* all.trees */ = {isa = PBXFileReference; fileEncoding = 4; lastKnownFileType = text; path = all.trees; sourceTree = "<group>"; };
		CDEE43D011CF65A400E436A1 /* default_trees.h */ = {isa = PBXFileReference; fileEncoding = 4; lastKnownFileType = sourcecode.c.h; path = default_trees.h; sourceTree = "<group>"; };
		CDEE43D111CF65A400E436A1 /* fidtrackX.cpp */ = {isa = PBXFileReference; fileEncoding = 4; lastKnownFileType = sourcecode.cpp.cpp; path = fidtrackX.cpp; sourceTree = "<group>"; };
		CDEE43D211CF65A400E436A1 /* fidtrackX.h */ = {isa = PBXFileReference; fileEncoding = 4; lastKnownFileType = sourcecode.c.h; path = fidtrackX.h; sourceTree = "<group>"; };
		CDEE43D311CF65A400E436A1 /* floatpoint.h */ = {isa = PBXFileReference; fileEncoding = 4; lastKnownFileType = sourcecode.c.h; path = floatpoint.h; sourceTree = "<group>"; };
		CDEE43D411CF65A400E436A1 /* segment.cpp */ = {isa = PBXFileReference; fileEncoding = 4; lastKnownFileType = sourcecode.cpp.cpp; path = segment.cpp; sourceTree = "<group>"; };
		CDEE43D511CF65A400E436A1 /* segment.h */ = {isa = PBXFileReference; fileEncoding = 4; lastKnownFileType = sourcecode.c.h; path = segment.h; sourceTree = "<group>"; };
		CDEE43D611CF65A400E436A1 /* treeidmap.cpp */ = {isa = PBXFileReference; fileEncoding = 4; lastKnownFileType = sourcecode.cpp.cpp; path = treeidmap.cpp; sourceTree = "<group>"; };
		CDEE43D711CF65A400E436A1 /* treeidmap.h */ = {isa = PBXFileReference; fileEncoding = 4; lastKnownFileType = sourcecode.c.h; path = treeidmap.h; sourceTree = "<group>"; };
		CDEE43D811CF65A400E436A1 /* ofxFidMain.h */ = {isa = PBXFileReference; fileEncoding = 4; lastKnownFileType = sourcecode.c.h; path = ofxFidMain.h; sourceTree = "<group>"; };
		CDEE43D911CF65A400E436A1 /* ofxFiducial.h */ = {isa = PBXFileReference; fileEncoding = 4; lastKnownFileType = sourcecode.c.h; path = ofxFiducial.h; sourceTree = "<group>"; };
		CDEE43DA11CF65A400E436A1 /* ofxFiducialFinder.cpp */ = {isa = PBXFileReference; fileEncoding = 4; lastKnownFileType = sourcecode.cpp.cpp; path = ofxFiducialFinder.cpp; sourceTree = "<group>"; };
		CDEE43DB11CF65A400E436A1 /* ofxFiducialFinder.h */ = {isa = PBXFileReference; fileEncoding = 4; lastKnownFileType = sourcecode.c.h; path = ofxFiducialFinder.h; sourceTree = "<group>"; };
		CDEE43DC11CF65A400E436A1 /* ofxFiducialTracker.cpp */ = {isa = PBXFileReference; fileEncoding = 4; lastKnownFileType = sourcecode.cpp.cpp; path = ofxFiducialTracker.cpp; sourceTree = "<group>"; };
		CDEE43DD11CF65A400E436A1 /* ofxFiducialTracker.h */ = {isa = PBXFileReference; fileEncoding = 4; lastKnownFileType = sourcecode.c.h; path = ofxFiducialTracker.h; sourceTree = "<group>"; };
		CDEE43DE11CF65A400E436A1 /* ofxFinger.h */ = {isa = PBXFileReference; fileEncoding = 4; lastKnownFileType = sourcecode.c.h; path = ofxFinger.h; sourceTree = "<group>"; };
		CDEE43E011CF65A400E436A1 /* legacy90.pdf */ = {isa = PBXFileReference; lastKnownFileType = image.pdf; path = legacy90.pdf; sourceTree = "<group>"; };
		CDEE43E911CF65A400E436A1 /* install.xml */ = {isa = PBXFileReference; fileEncoding = 4; lastKnownFileType = text.xml; path = install.xml; sourceTree = "<group>"; };
		CDEE43ED11CF65A400E436A1 /* cv.h */ = {isa = PBXFileReference; fileEncoding = 4; lastKnownFileType = sourcecode.c.h; path = cv.h; sourceTree = "<group>"; };
		CDEE43EE11CF65A400E436A1 /* cv.hpp */ = {isa = PBXFileReference; fileEncoding = 4; lastKnownFileType = sourcecode.cpp.h; path = cv.hpp; sourceTree = "<group>"; };
		CDEE43EF11CF65A400E436A1 /* cvaux.h */ = {isa = PBXFileReference; fileEncoding = 4; lastKnownFileType = sourcecode.c.h; path = cvaux.h; sourceTree = "<group>"; };
		CDEE43F011CF65A400E436A1 /* cvaux.hpp */ = {isa = PBXFileReference; fileEncoding = 4; lastKnownFileType = sourcecode.cpp.h; path = cvaux.hpp; sourceTree = "<group>"; };
		CDEE43F111CF65A400E436A1 /* cvcompat.h */ = {isa = PBXFileReference; fileEncoding = 4; lastKnownFileType = sourcecode.c.h; path = cvcompat.h; sourceTree = "<group>"; };
		CDEE43F211CF65A400E436A1 /* cvmat.hpp */ = {isa = PBXFileReference; fileEncoding = 4; lastKnownFileType = sourcecode.cpp.h; path = cvmat.hpp; sourceTree = "<group>"; };
		CDEE43F311CF65A400E436A1 /* cvstreams.h */ = {isa = PBXFileReference; fileEncoding = 4; lastKnownFileType = sourcecode.c.h; path = cvstreams.h; sourceTree = "<group>"; };
		CDEE43F411CF65A400E436A1 /* cvtypes.h */ = {isa = PBXFileReference; fileEncoding = 4; lastKnownFileType = sourcecode.c.h; path = cvtypes.h; sourceTree = "<group>"; };
		CDEE43F511CF65A400E436A1 /* cvver.h */ = {isa = PBXFileReference; fileEncoding = 4; lastKnownFileType = sourcecode.c.h; path = cvver.h; sourceTree = "<group>"; };
		CDEE43F611CF65A400E436A1 /* cvvidsurv.hpp */ = {isa = PBXFileReference; fileEncoding = 4; lastKnownFileType = sourcecode.cpp.h; path = cvvidsurv.hpp; sourceTree = "<group>"; };
		CDEE43F711CF65A400E436A1 /* cvwimage.h */ = {isa = PBXFileReference; fileEncoding = 4; lastKnownFileType = sourcecode.c.h; path = cvwimage.h; sourceTree = "<group>"; };
		CDEE43F811CF65A400E436A1 /* cxcore.h */ = {isa = PBXFileReference; fileEncoding = 4; lastKnownFileType = sourcecode.c.h; path = cxcore.h; sourceTree = "<group>"; };
		CDEE43F911CF65A400E436A1 /* cxcore.hpp */ = {isa = PBXFileReference; fileEncoding = 4; lastKnownFileType = sourcecode.cpp.h; path = cxcore.hpp; sourceTree = "<group>"; };
		CDEE43FA11CF65A400E436A1 /* cxerror.h */ = {isa = PBXFileReference; fileEncoding = 4; lastKnownFileType = sourcecode.c.h; path = cxerror.h; sourceTree = "<group>"; };
		CDEE43FB11CF65A400E436A1 /* cxmisc.h */ = {isa = PBXFileReference; fileEncoding = 4; lastKnownFileType = sourcecode.c.h; path = cxmisc.h; sourceTree = "<group>"; };
		CDEE43FC11CF65A400E436A1 /* cxtypes.h */ = {isa = PBXFileReference; fileEncoding = 4; lastKnownFileType = sourcecode.c.h; path = cxtypes.h; sourceTree = "<group>"; };
		CDEE43FF11CF65A400E436A1 /* openCV.a */ = {isa = PBXFileReference; lastKnownFileType = archive.ar; path = openCV.a; sourceTree = "<group>"; };
		CDEE440111CF65A400E436A1 /* ofxCvBlob.h */ = {isa = PBXFileReference; fileEncoding = 4; lastKnownFileType = sourcecode.c.h; path = ofxCvBlob.h; sourceTree = "<group>"; };
		CDEE440211CF65A400E436A1 /* ofxCvColorImage.cpp */ = {isa = PBXFileReference; fileEncoding = 4; lastKnownFileType = sourcecode.cpp.cpp; path = ofxCvColorImage.cpp; sourceTree = "<group>"; };
		CDEE440311CF65A400E436A1 /* ofxCvColorImage.h */ = {isa = PBXFileReference; fileEncoding = 4; lastKnownFileType = sourcecode.c.h; path = ofxCvColorImage.h; sourceTree = "<group>"; };
		CDEE440411CF65A500E436A1 /* ofxCvConstants.h */ = {isa = PBXFileReference; fileEncoding = 4; lastKnownFileType = sourcecode.c.h; path = ofxCvConstants.h; sourceTree = "<group>"; };
		CDEE440511CF65A500E436A1 /* ofxCvContourFinder.cpp */ = {isa = PBXFileReference; fileEncoding = 4; lastKnownFileType = sourcecode.cpp.cpp; path = ofxCvContourFinder.cpp; sourceTree = "<group>"; };
		CDEE440611CF65A500E436A1 /* ofxCvContourFinder.h */ = {isa = PBXFileReference; fileEncoding = 4; lastKnownFileType = sourcecode.c.h; path = ofxCvContourFinder.h; sourceTree = "<group>"; };
		CDEE440711CF65A500E436A1 /* ofxCvFloatImage.cpp */ = {isa = PBXFileReference; fileEncoding = 4; lastKnownFileType = sourcecode.cpp.cpp; path = ofxCvFloatImage.cpp; sourceTree = "<group>"; };
		CDEE440811CF65A500E436A1 /* ofxCvFloatImage.h */ = {isa = PBXFileReference; fileEncoding = 4; lastKnownFileType = sourcecode.c.h; path = ofxCvFloatImage.h; sourceTree = "<group>"; };
		CDEE440911CF65A500E436A1 /* ofxCvGrayscaleImage.cpp */ = {isa = PBXFileReference; fileEncoding = 4; lastKnownFileType = sourcecode.cpp.cpp; path = ofxCvGrayscaleImage.cpp; sourceTree = "<group>"; };
		CDEE440A11CF65A500E436A1 /* ofxCvGrayscaleImage.h */ = {isa = PBXFileReference; fileEncoding = 4; lastKnownFileType = sourcecode.c.h; path = ofxCvGrayscaleImage.h; sourceTree = "<group>"; };
		CDEE440B11CF65A500E436A1 /* ofxCvImage.cpp */ = {isa = PBXFileReference; fileEncoding = 4; lastKnownFileType = sourcecode.cpp.cpp; path = ofxCvImage.cpp; sourceTree = "<group>"; };
		CDEE440C11CF65A500E436A1 /* ofxCvImage.h */ = {isa = PBXFileReference; fileEncoding = 4; lastKnownFileType = sourcecode.c.h; path = ofxCvImage.h; sourceTree = "<group>"; };
		CDEE440D11CF65A500E436A1 /* ofxCvMain.h */ = {isa = PBXFileReference; fileEncoding = 4; lastKnownFileType = sourcecode.c.h; path = ofxCvMain.h; sourceTree = "<group>"; };
		CDEE440E11CF65A500E436A1 /* ofxCvShortImage.cpp */ = {isa = PBXFileReference; fileEncoding = 4; lastKnownFileType = sourcecode.cpp.cpp; path = ofxCvShortImage.cpp; sourceTree = "<group>"; };
		CDEE440F11CF65A500E436A1 /* ofxCvShortImage.h */ = {isa = PBXFileReference; fileEncoding = 4; lastKnownFileType = sourcecode.c.h; path = ofxCvShortImage.h; sourceTree = "<group>"; };
		CDEE441011CF65A500E436A1 /* ofxOpenCv.h */ = {isa = PBXFileReference; fileEncoding = 4; lastKnownFileType = sourcecode.c.h; path = ofxOpenCv.h; sourceTree = "<group>"; };
		CDEE447F11CF669B00E436A1 /* sqlite3.c */ = {isa = PBXFileReference; fileEncoding = 4; lastKnownFileType = sourcecode.c.c; path = sqlite3.c; sourceTree = "<group>"; };
		CDEE448011CF669B00E436A1 /* sqlite3.h */ = {isa = PBXFileReference; fileEncoding = 4; lastKnownFileType = sourcecode.c.h; path = sqlite3.h; sourceTree = "<group>"; };
		CDEE448111CF669B00E436A1 /* sqlite3ext.h */ = {isa = PBXFileReference; fileEncoding = 4; lastKnownFileType = sourcecode.c.h; path = sqlite3ext.h; sourceTree = "<group>"; };
		CDEE448211CF669B00E436A1 /* ofxSQLite.cpp */ = {isa = PBXFileReference; fileEncoding = 4; lastKnownFileType = sourcecode.cpp.cpp; path = ofxSQLite.cpp; sourceTree = "<group>"; };
		CDEE448311CF669B00E436A1 /* ofxSQLite.h */ = {isa = PBXFileReference; fileEncoding = 4; lastKnownFileType = sourcecode.c.h; path = ofxSQLite.h; sourceTree = "<group>"; };
		CDEE448411CF669B00E436A1 /* ofxSQLiteAbstract.cpp */ = {isa = PBXFileReference; fileEncoding = 4; lastKnownFileType = sourcecode.cpp.cpp; path = ofxSQLiteAbstract.cpp; sourceTree = "<group>"; };
		CDEE448511CF669B00E436A1 /* ofxSQLiteAbstract.h */ = {isa = PBXFileReference; fileEncoding = 4; lastKnownFileType = sourcecode.c.h; path = ofxSQLiteAbstract.h; sourceTree = "<group>"; };
		CDEE448611CF669B00E436A1 /* ofxSQLiteDelete.cpp */ = {isa = PBXFileReference; fileEncoding = 4; lastKnownFileType = sourcecode.cpp.cpp; path = ofxSQLiteDelete.cpp; sourceTree = "<group>"; };
		CDEE448711CF669B00E436A1 /* ofxSQLiteDelete.h */ = {isa = PBXFileReference; fileEncoding = 4; lastKnownFileType = sourcecode.c.h; path = ofxSQLiteDelete.h; sourceTree = "<group>"; };
		CDEE448811CF669B00E436A1 /* ofxSQLiteFieldValues.cpp */ = {isa = PBXFileReference; fileEncoding = 4; lastKnownFileType = sourcecode.cpp.cpp; path = ofxSQLiteFieldValues.cpp; sourceTree = "<group>"; };
		CDEE448911CF669B00E436A1 /* ofxSQLiteFieldValues.h */ = {isa = PBXFileReference; fileEncoding = 4; lastKnownFileType = sourcecode.c.h; path = ofxSQLiteFieldValues.h; sourceTree = "<group>"; };
		CDEE448A11CF669B00E436A1 /* ofxSQLiteHeaders.h */ = {isa = PBXFileReference; fileEncoding = 4; lastKnownFileType = sourcecode.c.h; path = ofxSQLiteHeaders.h; sourceTree = "<group>"; };
		CDEE448B11CF669B00E436A1 /* ofxSQLiteInsert.cpp */ = {isa = PBXFileReference; fileEncoding = 4; lastKnownFileType = sourcecode.cpp.cpp; path = ofxSQLiteInsert.cpp; sourceTree = "<group>"; };
		CDEE448C11CF669B00E436A1 /* ofxSQLiteInsert.h */ = {isa = PBXFileReference; fileEncoding = 4; lastKnownFileType = sourcecode.c.h; path = ofxSQLiteInsert.h; sourceTree = "<group>"; };
		CDEE448D11CF669B00E436A1 /* ofxSQLiteSelect.cpp */ = {isa = PBXFileReference; fileEncoding = 4; lastKnownFileType = sourcecode.cpp.cpp; path = ofxSQLiteSelect.cpp; sourceTree = "<group>"; };
		CDEE448E11CF669B00E436A1 /* ofxSQLiteSelect.h */ = {isa = PBXFileReference; fileEncoding = 4; lastKnownFileType = sourcecode.c.h; path = ofxSQLiteSelect.h; sourceTree = "<group>"; };
		CDEE448F11CF669B00E436A1 /* ofxSQLiteUpdate.cpp */ = {isa = PBXFileReference; fileEncoding = 4; lastKnownFileType = sourcecode.cpp.cpp; path = ofxSQLiteUpdate.cpp; sourceTree = "<group>"; };
		CDEE449011CF669B00E436A1 /* ofxSQLiteUpdate.h */ = {isa = PBXFileReference; fileEncoding = 4; lastKnownFileType = sourcecode.c.h; path = ofxSQLiteUpdate.h; sourceTree = "<group>"; };
		CDEE449111CF669B00E436A1 /* ofxSQLiteWhere.h */ = {isa = PBXFileReference; fileEncoding = 4; lastKnownFileType = sourcecode.c.h; path = ofxSQLiteWhere.h; sourceTree = "<group>"; };
		E45BE0390E8CC647009D7055 /* FreeImage.h */ = {isa = PBXFileReference; fileEncoding = 4; lastKnownFileType = sourcecode.c.h; name = FreeImage.h; path = ../../../libs/freeimage/include/FreeImage.h; sourceTree = SOURCE_ROOT; };
		E45BE03F0E8CC650009D7055 /* fmod.h */ = {isa = PBXFileReference; fileEncoding = 4; lastKnownFileType = sourcecode.c.h; name = fmod.h; path = ../../../libs/fmodex/include/fmod.h; sourceTree = SOURCE_ROOT; };
		E45BE0400E8CC650009D7055 /* fmod.hpp */ = {isa = PBXFileReference; fileEncoding = 4; lastKnownFileType = sourcecode.cpp.h; name = fmod.hpp; path = ../../../libs/fmodex/include/fmod.hpp; sourceTree = SOURCE_ROOT; };
		E45BE0410E8CC650009D7055 /* fmod_codec.h */ = {isa = PBXFileReference; fileEncoding = 4; lastKnownFileType = sourcecode.c.h; name = fmod_codec.h; path = ../../../libs/fmodex/include/fmod_codec.h; sourceTree = SOURCE_ROOT; };
		E45BE0420E8CC650009D7055 /* fmod_dsp.h */ = {isa = PBXFileReference; fileEncoding = 4; lastKnownFileType = sourcecode.c.h; name = fmod_dsp.h; path = ../../../libs/fmodex/include/fmod_dsp.h; sourceTree = SOURCE_ROOT; };
		E45BE0430E8CC650009D7055 /* fmod_errors.h */ = {isa = PBXFileReference; fileEncoding = 4; lastKnownFileType = sourcecode.c.h; name = fmod_errors.h; path = ../../../libs/fmodex/include/fmod_errors.h; sourceTree = SOURCE_ROOT; };
		E45BE0440E8CC650009D7055 /* fmod_output.h */ = {isa = PBXFileReference; fileEncoding = 4; lastKnownFileType = sourcecode.c.h; name = fmod_output.h; path = ../../../libs/fmodex/include/fmod_output.h; sourceTree = SOURCE_ROOT; };
		E45BE0A70E8CC67C009D7055 /* GLee.h */ = {isa = PBXFileReference; fileEncoding = 4; lastKnownFileType = sourcecode.c.h; name = GLee.h; path = ../../../libs/GLee/include/GLee.h; sourceTree = SOURCE_ROOT; };
		E45BE0A90E8CC67C009D7055 /* GLee.a */ = {isa = PBXFileReference; lastKnownFileType = archive.ar; name = GLee.a; path = ../../../libs/GLee/lib/osx/GLee.a; sourceTree = SOURCE_ROOT; };
		E45BE2E00E8CC69C009D7055 /* RtAudio.h */ = {isa = PBXFileReference; fileEncoding = 4; lastKnownFileType = sourcecode.c.h; name = RtAudio.h; path = ../../../libs/rtAudio/include/RtAudio.h; sourceTree = SOURCE_ROOT; };
		E45BE2E10E8CC69C009D7055 /* RtError.h */ = {isa = PBXFileReference; fileEncoding = 4; lastKnownFileType = sourcecode.c.h; name = RtError.h; path = ../../../libs/rtAudio/include/RtError.h; sourceTree = SOURCE_ROOT; };
		E45BE2E30E8CC69C009D7055 /* rtAudio.a */ = {isa = PBXFileReference; lastKnownFileType = archive.ar; name = rtAudio.a; path = ../../../libs/rtAudio/lib/osx/rtAudio.a; sourceTree = SOURCE_ROOT; };
		E45BE9710E8CC7DD009D7055 /* AGL.framework */ = {isa = PBXFileReference; lastKnownFileType = wrapper.framework; name = AGL.framework; path = /System/Library/Frameworks/AGL.framework; sourceTree = "<absolute>"; };
		E45BE9720E8CC7DD009D7055 /* ApplicationServices.framework */ = {isa = PBXFileReference; lastKnownFileType = wrapper.framework; name = ApplicationServices.framework; path = /System/Library/Frameworks/ApplicationServices.framework; sourceTree = "<absolute>"; };
		E45BE9730E8CC7DD009D7055 /* AudioToolbox.framework */ = {isa = PBXFileReference; lastKnownFileType = wrapper.framework; name = AudioToolbox.framework; path = /System/Library/Frameworks/AudioToolbox.framework; sourceTree = "<absolute>"; };
		E45BE9740E8CC7DD009D7055 /* Carbon.framework */ = {isa = PBXFileReference; lastKnownFileType = wrapper.framework; name = Carbon.framework; path = /System/Library/Frameworks/Carbon.framework; sourceTree = "<absolute>"; };
		E45BE9750E8CC7DD009D7055 /* CoreAudio.framework */ = {isa = PBXFileReference; lastKnownFileType = wrapper.framework; name = CoreAudio.framework; path = /System/Library/Frameworks/CoreAudio.framework; sourceTree = "<absolute>"; };
		E45BE9760E8CC7DD009D7055 /* CoreFoundation.framework */ = {isa = PBXFileReference; lastKnownFileType = wrapper.framework; name = CoreFoundation.framework; path = /System/Library/Frameworks/CoreFoundation.framework; sourceTree = "<absolute>"; };
		E45BE9770E8CC7DD009D7055 /* CoreServices.framework */ = {isa = PBXFileReference; lastKnownFileType = wrapper.framework; name = CoreServices.framework; path = /System/Library/Frameworks/CoreServices.framework; sourceTree = "<absolute>"; };
		E45BE9790E8CC7DD009D7055 /* OpenGL.framework */ = {isa = PBXFileReference; lastKnownFileType = wrapper.framework; name = OpenGL.framework; path = /System/Library/Frameworks/OpenGL.framework; sourceTree = "<absolute>"; };
		E45BE97A0E8CC7DD009D7055 /* QuickTime.framework */ = {isa = PBXFileReference; lastKnownFileType = wrapper.framework; name = QuickTime.framework; path = /System/Library/Frameworks/QuickTime.framework; sourceTree = "<absolute>"; };
		E4B69B5B0A3A1756003C02F2 /* CubuDebug.app */ = {isa = PBXFileReference; explicitFileType = wrapper.application; includeInIndex = 0; path = CubuDebug.app; sourceTree = BUILT_PRODUCTS_DIR; };
		E4B69E1D0A3A1BDC003C02F2 /* main.cpp */ = {isa = PBXFileReference; fileEncoding = 30; lastKnownFileType = sourcecode.cpp.cpp; name = main.cpp; path = src/main.cpp; sourceTree = SOURCE_ROOT; };
		E4B69E1E0A3A1BDC003C02F2 /* cubu.cpp */ = {isa = PBXFileReference; explicitFileType = sourcecode.cpp.cpp; fileEncoding = 30; path = cubu.cpp; sourceTree = "<group>"; };
		E4B69E1F0A3A1BDC003C02F2 /* cubu.h */ = {isa = PBXFileReference; fileEncoding = 30; lastKnownFileType = sourcecode.c.h; path = cubu.h; sourceTree = "<group>"; };
		E4B6FCAD0C3E899E008CF71C /* openFrameworks-Info.plist */ = {isa = PBXFileReference; fileEncoding = 30; lastKnownFileType = text.plist.xml; path = "openFrameworks-Info.plist"; sourceTree = "<group>"; };
		E4C2421610CC549C004149E2 /* openFrameworksLib.xcodeproj */ = {isa = PBXFileReference; lastKnownFileType = "wrapper.pb-project"; name = openFrameworksLib.xcodeproj; path = ../../../libs/openFrameworksCompiled/project/osx/openFrameworksLib.xcodeproj; sourceTree = SOURCE_ROOT; };
		E4C2424410CC5A17004149E2 /* AppKit.framework */ = {isa = PBXFileReference; lastKnownFileType = wrapper.framework; name = AppKit.framework; path = /System/Library/Frameworks/AppKit.framework; sourceTree = "<absolute>"; };
		E4C2424510CC5A17004149E2 /* Cocoa.framework */ = {isa = PBXFileReference; lastKnownFileType = wrapper.framework; name = Cocoa.framework; path = /System/Library/Frameworks/Cocoa.framework; sourceTree = "<absolute>"; };
		E4C2424610CC5A17004149E2 /* IOKit.framework */ = {isa = PBXFileReference; lastKnownFileType = wrapper.framework; name = IOKit.framework; path = /System/Library/Frameworks/IOKit.framework; sourceTree = "<absolute>"; };
		E4C2425F10CC5A78004149E2 /* GLUT.framework */ = {isa = PBXFileReference; lastKnownFileType = wrapper.framework; name = GLUT.framework; path = ../../../libs/glut/lib/osx/GLUT.framework; sourceTree = SOURCE_ROOT; };
		E4C2427A10CC5B66004149E2 /* CppUnit.a */ = {isa = PBXFileReference; lastKnownFileType = archive.ar; name = CppUnit.a; path = ../../../libs/poco/lib/osx/CppUnit.a; sourceTree = SOURCE_ROOT; };
		E4C2427B10CC5B66004149E2 /* PocoFoundation.a */ = {isa = PBXFileReference; lastKnownFileType = archive.ar; name = PocoFoundation.a; path = ../../../libs/poco/lib/osx/PocoFoundation.a; sourceTree = SOURCE_ROOT; };
		E4C2427C10CC5B66004149E2 /* PocoNet.a */ = {isa = PBXFileReference; lastKnownFileType = archive.ar; name = PocoNet.a; path = ../../../libs/poco/lib/osx/PocoNet.a; sourceTree = SOURCE_ROOT; };
		E4C2427D10CC5B66004149E2 /* PocoUtil.a */ = {isa = PBXFileReference; lastKnownFileType = archive.ar; name = PocoUtil.a; path = ../../../libs/poco/lib/osx/PocoUtil.a; sourceTree = SOURCE_ROOT; };
		E4C2427E10CC5B66004149E2 /* PocoXML.a */ = {isa = PBXFileReference; lastKnownFileType = archive.ar; name = PocoXML.a; path = ../../../libs/poco/lib/osx/PocoXML.a; sourceTree = SOURCE_ROOT; };
		E4C2429310CC5C38004149E2 /* freetype.a */ = {isa = PBXFileReference; lastKnownFileType = archive.ar; name = freetype.a; path = ../../../libs/freetype/lib/osx/freetype.a; sourceTree = SOURCE_ROOT; };
		E4C242CC10CC650E004149E2 /* libfmodex.dylib */ = {isa = PBXFileReference; lastKnownFileType = "compiled.mach-o.dylib"; name = libfmodex.dylib; path = ../../../libs/fmodex/lib/osx/libfmodex.dylib; sourceTree = SOURCE_ROOT; };
		E4C246D910CCAE22004149E2 /* freeimage.a */ = {isa = PBXFileReference; lastKnownFileType = archive.ar; name = freeimage.a; path = ../../../libs/FreeImage/lib/osx/freeimage.a; sourceTree = SOURCE_ROOT; };
/* End PBXFileReference section */

/* Begin PBXFrameworksBuildPhase section */
		E4B69B590A3A1756003C02F2 /* Frameworks */ = {
			isa = PBXFrameworksBuildPhase;
			buildActionMask = 2147483647;
			files = (
				E4C2422B10CC554B004149E2 /* openFrameworksDebug.a in Frameworks */,
				E45BE0AA0E8CC67C009D7055 /* GLee.a in Frameworks */,
				E45BE2E40E8CC69C009D7055 /* rtAudio.a in Frameworks */,
				E45BE97B0E8CC7DD009D7055 /* AGL.framework in Frameworks */,
				E45BE97C0E8CC7DD009D7055 /* ApplicationServices.framework in Frameworks */,
				E45BE97D0E8CC7DD009D7055 /* AudioToolbox.framework in Frameworks */,
				E45BE97E0E8CC7DD009D7055 /* Carbon.framework in Frameworks */,
				E45BE97F0E8CC7DD009D7055 /* CoreAudio.framework in Frameworks */,
				E45BE9800E8CC7DD009D7055 /* CoreFoundation.framework in Frameworks */,
				E45BE9810E8CC7DD009D7055 /* CoreServices.framework in Frameworks */,
				E45BE9830E8CC7DD009D7055 /* OpenGL.framework in Frameworks */,
				E45BE9840E8CC7DD009D7055 /* QuickTime.framework in Frameworks */,
				E4C2424710CC5A17004149E2 /* AppKit.framework in Frameworks */,
				E4C2424810CC5A17004149E2 /* Cocoa.framework in Frameworks */,
				E4C2424910CC5A17004149E2 /* IOKit.framework in Frameworks */,
				E4C2426610CC5A78004149E2 /* GLUT.framework in Frameworks */,
				E4C2427F10CC5B66004149E2 /* CppUnit.a in Frameworks */,
				E4C2428010CC5B66004149E2 /* PocoFoundation.a in Frameworks */,
				E4C2428110CC5B66004149E2 /* PocoNet.a in Frameworks */,
				E4C2428210CC5B66004149E2 /* PocoUtil.a in Frameworks */,
				E4C2428310CC5B66004149E2 /* PocoXML.a in Frameworks */,
				E4C2429410CC5C38004149E2 /* freetype.a in Frameworks */,
				E4C242CD10CC650E004149E2 /* libfmodex.dylib in Frameworks */,
				E4C246DA10CCAE22004149E2 /* freeimage.a in Frameworks */,
				CDEE445911CF65A500E436A1 /* openCV.a in Frameworks */,
				CDADB03C11D12EB6007A923C /* libmysql.lib in Frameworks */,
				CDADB03D11D12EB6007A923C /* mysqlclient.lib in Frameworks */,
				CDADB03E11D12EB6007A923C /* mysys.lib in Frameworks */,
				CDADB03F11D12EB6007A923C /* regex.lib in Frameworks */,
				CDADB04011D12EB6007A923C /* strings.lib in Frameworks */,
				CDADB04111D12EB6007A923C /* zlib.lib in Frameworks */,
				64E426DB11D160C800C76E74 /* libdbug.a in Frameworks */,
				64E426DC11D160C800C76E74 /* libheap.a in Frameworks */,
				64E426DD11D160C800C76E74 /* libmyisam.a in Frameworks */,
				64E426DE11D160C800C76E74 /* libmyisammrg.a in Frameworks */,
				64E426DF11D160C800C76E74 /* libmysqlclient_r.a in Frameworks */,
				64E426E011D160C800C76E74 /* libmysqlclient.a in Frameworks */,
				64E426E111D160C800C76E74 /* libmystrings.a in Frameworks */,
				64E426E211D160C800C76E74 /* libmysys.a in Frameworks */,
				64E426E311D160C800C76E74 /* libvio.a in Frameworks */,
			);
			runOnlyForDeploymentPostprocessing = 0;
		};
/* End PBXFrameworksBuildPhase section */

/* Begin PBXGroup section */
		64E426CF11D160AF00C76E74 /* mac */ = {
			isa = PBXGroup;
			children = (
				64E426D011D160C800C76E74 /* libdbug.a */,
				64E426D111D160C800C76E74 /* libheap.a */,
				64E426D211D160C800C76E74 /* libmyisam.a */,
				64E426D311D160C800C76E74 /* libmyisammrg.a */,
				64E426D411D160C800C76E74 /* libmysqlclient_r.a */,
				64E426D511D160C800C76E74 /* libmysqlclient_r.la */,
				64E426D611D160C800C76E74 /* libmysqlclient.a */,
				64E426D711D160C800C76E74 /* libmysqlclient.la */,
				64E426D811D160C800C76E74 /* libmystrings.a */,
				64E426D911D160C800C76E74 /* libmysys.a */,
				64E426DA11D160C800C76E74 /* libvio.a */,
			);
			name = mac;
			sourceTree = "<group>";
		};
		CDADB00F11D12E68007A923C /* mysql */ = {
			isa = PBXGroup;
			children = (
				64E426CF11D160AF00C76E74 /* mac */,
				CDADB03411D12EB6007A923C /* opt */,
				CDADB01211D12E9C007A923C /* include */,
			);
			name = mysql;
			sourceTree = "<group>";
		};
		CDADB01211D12E9C007A923C /* include */ = {
			isa = PBXGroup;
			children = (
				CDADB01311D12E9C007A923C /* config-win.h */,
				CDADB01411D12E9C007A923C /* decimal.h */,
				CDADB01511D12E9C007A923C /* errmsg.h */,
				CDADB01611D12E9C007A923C /* keycache.h */,
				CDADB01711D12E9C007A923C /* m_ctype.h */,
				CDADB01811D12E9C007A923C /* m_string.h */,
				CDADB01911D12E9C007A923C /* my_alloc.h */,
				CDADB01A11D12E9C007A923C /* my_attribute.h */,
				CDADB01B11D12E9C007A923C /* my_dbug.h */,
				CDADB01C11D12E9C007A923C /* my_dir.h */,
				CDADB01D11D12E9C007A923C /* my_getopt.h */,
				CDADB01E11D12E9C007A923C /* my_global.h */,
				CDADB01F11D12E9C007A923C /* my_list.h */,
				CDADB02011D12E9C007A923C /* my_net.h */,
				CDADB02111D12E9C007A923C /* my_no_pthread.h */,
				CDADB02211D12E9C007A923C /* my_pthread.h */,
				CDADB02311D12E9C007A923C /* my_sys.h */,
				CDADB02411D12E9C007A923C /* my_xml.h */,
				CDADB02511D12E9C007A923C /* mysql */,
				CDADB02711D12E9C007A923C /* mysql.h */,
				CDADB02811D12E9C007A923C /* mysql_com.h */,
				CDADB02911D12E9C007A923C /* mysql_embed.h */,
				CDADB02A11D12E9C007A923C /* mysql_time.h */,
				CDADB02B11D12E9C007A923C /* mysql_version.h */,
				CDADB02C11D12E9C007A923C /* mysqld_ername.h */,
				CDADB02D11D12E9C007A923C /* mysqld_error.h */,
				CDADB02E11D12E9C007A923C /* sql_common.h */,
				CDADB02F11D12E9C007A923C /* sql_state.h */,
				CDADB03011D12E9C007A923C /* sslopt-case.h */,
				CDADB03111D12E9C007A923C /* sslopt-longopts.h */,
				CDADB03211D12E9C007A923C /* sslopt-vars.h */,
				CDADB03311D12E9C007A923C /* typelib.h */,
			);
			name = include;
			path = mysql/include;
			sourceTree = SOURCE_ROOT;
		};
		CDADB02511D12E9C007A923C /* mysql */ = {
			isa = PBXGroup;
			children = (
				CDADB02611D12E9C007A923C /* plugin.h */,
			);
			path = mysql;
			sourceTree = "<group>";
		};
		CDADB03411D12EB6007A923C /* opt */ = {
			isa = PBXGroup;
			children = (
				CDADB03511D12EB6007A923C /* libmysql.dll */,
				CDADB03611D12EB6007A923C /* libmysql.lib */,
				CDADB03711D12EB6007A923C /* mysqlclient.lib */,
				CDADB03811D12EB6007A923C /* mysys.lib */,
				CDADB03911D12EB6007A923C /* regex.lib */,
				CDADB03A11D12EB6007A923C /* strings.lib */,
				CDADB03B11D12EB6007A923C /* zlib.lib */,
			);
			name = opt;
			path = mysql/lib/opt;
			sourceTree = SOURCE_ROOT;
		};
		CDEE43CB11CF65A400E436A1 /* addons */ = {
			isa = PBXGroup;
			children = (
				CDEE447B11CF669B00E436A1 /* ofxsqlite */,
				CDEE43CC11CF65A400E436A1 /* ofxFiducialFinder */,
				CDEE43E811CF65A400E436A1 /* ofxOpenCv */,
			);
			path = addons;
			sourceTree = SOURCE_ROOT;
		};
		CDEE43CC11CF65A400E436A1 /* ofxFiducialFinder */ = {
			isa = PBXGroup;
			children = (
				CDEE43CD11CF65A400E436A1 /* src */,
				CDEE43DF11CF65A400E436A1 /* Symbols */,
			);
			path = ofxFiducialFinder;
			sourceTree = "<group>";
		};
		CDEE43CD11CF65A400E436A1 /* src */ = {
			isa = PBXGroup;
			children = (
				CDEE43CE11CF65A400E436A1 /* libfidtrack */,
				CDEE43D811CF65A400E436A1 /* ofxFidMain.h */,
				CDEE43D911CF65A400E436A1 /* ofxFiducial.h */,
				CDEE43DA11CF65A400E436A1 /* ofxFiducialFinder.cpp */,
				CDEE43DB11CF65A400E436A1 /* ofxFiducialFinder.h */,
				CDEE43DC11CF65A400E436A1 /* ofxFiducialTracker.cpp */,
				CDEE43DD11CF65A400E436A1 /* ofxFiducialTracker.h */,
				CDEE43DE11CF65A400E436A1 /* ofxFinger.h */,
			);
			path = src;
			sourceTree = "<group>";
		};
		CDEE43CE11CF65A400E436A1 /* libfidtrack */ = {
			isa = PBXGroup;
			children = (
				CDEE43CF11CF65A400E436A1 /* all.trees */,
				CDEE43D011CF65A400E436A1 /* default_trees.h */,
				CDEE43D111CF65A400E436A1 /* fidtrackX.cpp */,
				CDEE43D211CF65A400E436A1 /* fidtrackX.h */,
				CDEE43D311CF65A400E436A1 /* floatpoint.h */,
				CDEE43D411CF65A400E436A1 /* segment.cpp */,
				CDEE43D511CF65A400E436A1 /* segment.h */,
				CDEE43D611CF65A400E436A1 /* treeidmap.cpp */,
				CDEE43D711CF65A400E436A1 /* treeidmap.h */,
			);
			path = libfidtrack;
			sourceTree = "<group>";
		};
		CDEE43DF11CF65A400E436A1 /* Symbols */ = {
			isa = PBXGroup;
			children = (
				CDEE43E011CF65A400E436A1 /* legacy90.pdf */,
			);
			path = Symbols;
			sourceTree = "<group>";
		};
		CDEE43E811CF65A400E436A1 /* ofxOpenCv */ = {
			isa = PBXGroup;
			children = (
				CDEE43E911CF65A400E436A1 /* install.xml */,
				CDEE43EA11CF65A400E436A1 /* libs */,
				CDEE440011CF65A400E436A1 /* src */,
			);
			path = ofxOpenCv;
			sourceTree = "<group>";
		};
		CDEE43EA11CF65A400E436A1 /* libs */ = {
			isa = PBXGroup;
			children = (
				CDEE43EB11CF65A400E436A1 /* opencv */,
			);
			path = libs;
			sourceTree = "<group>";
		};
		CDEE43EB11CF65A400E436A1 /* opencv */ = {
			isa = PBXGroup;
			children = (
				CDEE43EC11CF65A400E436A1 /* include */,
				CDEE43FD11CF65A400E436A1 /* lib */,
			);
			path = opencv;
			sourceTree = "<group>";
		};
		CDEE43EC11CF65A400E436A1 /* include */ = {
			isa = PBXGroup;
			children = (
				CDEE43ED11CF65A400E436A1 /* cv.h */,
				CDEE43EE11CF65A400E436A1 /* cv.hpp */,
				CDEE43EF11CF65A400E436A1 /* cvaux.h */,
				CDEE43F011CF65A400E436A1 /* cvaux.hpp */,
				CDEE43F111CF65A400E436A1 /* cvcompat.h */,
				CDEE43F211CF65A400E436A1 /* cvmat.hpp */,
				CDEE43F311CF65A400E436A1 /* cvstreams.h */,
				CDEE43F411CF65A400E436A1 /* cvtypes.h */,
				CDEE43F511CF65A400E436A1 /* cvver.h */,
				CDEE43F611CF65A400E436A1 /* cvvidsurv.hpp */,
				CDEE43F711CF65A400E436A1 /* cvwimage.h */,
				CDEE43F811CF65A400E436A1 /* cxcore.h */,
				CDEE43F911CF65A400E436A1 /* cxcore.hpp */,
				CDEE43FA11CF65A400E436A1 /* cxerror.h */,
				CDEE43FB11CF65A400E436A1 /* cxmisc.h */,
				CDEE43FC11CF65A400E436A1 /* cxtypes.h */,
			);
			path = include;
			sourceTree = "<group>";
		};
		CDEE43FD11CF65A400E436A1 /* lib */ = {
			isa = PBXGroup;
			children = (
				CDEE43FE11CF65A400E436A1 /* osx */,
			);
			path = lib;
			sourceTree = "<group>";
		};
		CDEE43FE11CF65A400E436A1 /* osx */ = {
			isa = PBXGroup;
			children = (
				CDEE43FF11CF65A400E436A1 /* openCV.a */,
			);
			path = osx;
			sourceTree = "<group>";
		};
		CDEE440011CF65A400E436A1 /* src */ = {
			isa = PBXGroup;
			children = (
				CDEE440111CF65A400E436A1 /* ofxCvBlob.h */,
				CDEE440211CF65A400E436A1 /* ofxCvColorImage.cpp */,
				CDEE440311CF65A400E436A1 /* ofxCvColorImage.h */,
				CDEE440411CF65A500E436A1 /* ofxCvConstants.h */,
				CDEE440511CF65A500E436A1 /* ofxCvContourFinder.cpp */,
				CDEE440611CF65A500E436A1 /* ofxCvContourFinder.h */,
				CDEE440711CF65A500E436A1 /* ofxCvFloatImage.cpp */,
				CDEE440811CF65A500E436A1 /* ofxCvFloatImage.h */,
				CDEE440911CF65A500E436A1 /* ofxCvGrayscaleImage.cpp */,
				CDEE440A11CF65A500E436A1 /* ofxCvGrayscaleImage.h */,
				CDEE440B11CF65A500E436A1 /* ofxCvImage.cpp */,
				CDEE440C11CF65A500E436A1 /* ofxCvImage.h */,
				CDEE440D11CF65A500E436A1 /* ofxCvMain.h */,
				CDEE440E11CF65A500E436A1 /* ofxCvShortImage.cpp */,
				CDEE440F11CF65A500E436A1 /* ofxCvShortImage.h */,
				CDEE441011CF65A500E436A1 /* ofxOpenCv.h */,
			);
			path = src;
			sourceTree = "<group>";
		};
		CDEE447B11CF669B00E436A1 /* ofxsqlite */ = {
			isa = PBXGroup;
			children = (
				CDEE447C11CF669B00E436A1 /* src */,
			);
			path = ofxsqlite;
			sourceTree = "<group>";
		};
		CDEE447C11CF669B00E436A1 /* src */ = {
			isa = PBXGroup;
			children = (
				CDEE447D11CF669B00E436A1 /* lib */,
				CDEE448211CF669B00E436A1 /* ofxSQLite.cpp */,
				CDEE448311CF669B00E436A1 /* ofxSQLite.h */,
				CDEE448411CF669B00E436A1 /* ofxSQLiteAbstract.cpp */,
				CDEE448511CF669B00E436A1 /* ofxSQLiteAbstract.h */,
				CDEE448611CF669B00E436A1 /* ofxSQLiteDelete.cpp */,
				CDEE448711CF669B00E436A1 /* ofxSQLiteDelete.h */,
				CDEE448811CF669B00E436A1 /* ofxSQLiteFieldValues.cpp */,
				CDEE448911CF669B00E436A1 /* ofxSQLiteFieldValues.h */,
				CDEE448A11CF669B00E436A1 /* ofxSQLiteHeaders.h */,
				CDEE448B11CF669B00E436A1 /* ofxSQLiteInsert.cpp */,
				CDEE448C11CF669B00E436A1 /* ofxSQLiteInsert.h */,
				CDEE448D11CF669B00E436A1 /* ofxSQLiteSelect.cpp */,
				CDEE448E11CF669B00E436A1 /* ofxSQLiteSelect.h */,
				CDEE448F11CF669B00E436A1 /* ofxSQLiteUpdate.cpp */,
				CDEE449011CF669B00E436A1 /* ofxSQLiteUpdate.h */,
				CDEE449111CF669B00E436A1 /* ofxSQLiteWhere.h */,
			);
			path = src;
			sourceTree = "<group>";
		};
		CDEE447D11CF669B00E436A1 /* lib */ = {
			isa = PBXGroup;
			children = (
				CDEE447E11CF669B00E436A1 /* sqlite */,
			);
			path = lib;
			sourceTree = "<group>";
		};
		CDEE447E11CF669B00E436A1 /* sqlite */ = {
			isa = PBXGroup;
			children = (
				CDEE447F11CF669B00E436A1 /* sqlite3.c */,
				CDEE448011CF669B00E436A1 /* sqlite3.h */,
				CDEE448111CF669B00E436A1 /* sqlite3ext.h */,
			);
			path = sqlite;
			sourceTree = "<group>";
		};
		E45BE0360E8CC5DE009D7055 /* libs */ = {
			isa = PBXGroup;
			children = (
				E45BEED60E8CCB34009D7055 /* core */,
			);
			name = libs;
			sourceTree = "<group>";
		};
		E45BE0370E8CC647009D7055 /* freeimage */ = {
			isa = PBXGroup;
			children = (
				E4C246D810CCAE22004149E2 /* osx */,
				E45BE0380E8CC647009D7055 /* include */,
			);
			name = freeimage;
			path = ../../../libs/freeimage;
			sourceTree = SOURCE_ROOT;
		};
		E45BE0380E8CC647009D7055 /* include */ = {
			isa = PBXGroup;
			children = (
				E45BE0390E8CC647009D7055 /* FreeImage.h */,
			);
			name = include;
			path = ../../../libs/freeimage/include;
			sourceTree = SOURCE_ROOT;
		};
		E45BE03D0E8CC650009D7055 /* fmodex */ = {
			isa = PBXGroup;
			children = (
				E45BE03E0E8CC650009D7055 /* inc */,
				E4C2428E10CC5C18004149E2 /* osx */,
			);
			name = fmodex;
			path = ../../../libs/fmodex;
			sourceTree = SOURCE_ROOT;
		};
		E45BE03E0E8CC650009D7055 /* inc */ = {
			isa = PBXGroup;
			children = (
				E45BE03F0E8CC650009D7055 /* fmod.h */,
				E45BE0400E8CC650009D7055 /* fmod.hpp */,
				E45BE0410E8CC650009D7055 /* fmod_codec.h */,
				E45BE0420E8CC650009D7055 /* fmod_dsp.h */,
				E45BE0430E8CC650009D7055 /* fmod_errors.h */,
				E45BE0440E8CC650009D7055 /* fmod_output.h */,
			);
			name = inc;
			path = ../../../libs/fmodex/include;
			sourceTree = SOURCE_ROOT;
		};
		E45BE0480E8CC657009D7055 /* core libraries */ = {
			isa = PBXGroup;
			children = (
				E4C2425B10CC5A78004149E2 /* glut */,
				E45BEC7B0E8CC911009D7055 /* poco */,
				E45BE2D50E8CC69C009D7055 /* rtAudio */,
				E45BE0A50E8CC67C009D7055 /* GLee */,
				E45BE0490E8CC676009D7055 /* freetype */,
				E45BE03D0E8CC650009D7055 /* fmodex */,
				E45BE0370E8CC647009D7055 /* freeimage */,
			);
			name = "core libraries";
			sourceTree = "<group>";
		};
		E45BE0490E8CC676009D7055 /* freetype */ = {
			isa = PBXGroup;
			children = (
				E4C2429210CC5C38004149E2 /* osx */,
			);
			name = freetype;
			path = ../../../libs/freetype;
			sourceTree = SOURCE_ROOT;
		};
		E45BE0A50E8CC67C009D7055 /* GLee */ = {
			isa = PBXGroup;
			children = (
				E45BE0A60E8CC67C009D7055 /* include */,
				E45BE0A80E8CC67C009D7055 /* lib */,
			);
			name = GLee;
			path = ../../../libs/GLee;
			sourceTree = SOURCE_ROOT;
		};
		E45BE0A60E8CC67C009D7055 /* include */ = {
			isa = PBXGroup;
			children = (
				E45BE0A70E8CC67C009D7055 /* GLee.h */,
			);
			name = include;
			path = ../../../libs/GLee/include;
			sourceTree = SOURCE_ROOT;
		};
		E45BE0A80E8CC67C009D7055 /* lib */ = {
			isa = PBXGroup;
			children = (
				E45BE0A90E8CC67C009D7055 /* GLee.a */,
			);
			name = lib;
			path = ../../../libs/GLee/lib/osx;
			sourceTree = SOURCE_ROOT;
		};
		E45BE2D50E8CC69C009D7055 /* rtAudio */ = {
			isa = PBXGroup;
			children = (
				E45BE2D60E8CC69C009D7055 /* include */,
				E45BE2E20E8CC69C009D7055 /* lib */,
			);
			name = rtAudio;
			path = ../../../libs/rtAudio;
			sourceTree = SOURCE_ROOT;
		};
		E45BE2D60E8CC69C009D7055 /* include */ = {
			isa = PBXGroup;
			children = (
				E45BE2D70E8CC69C009D7055 /* asio */,
				E45BE2E00E8CC69C009D7055 /* RtAudio.h */,
				E45BE2E10E8CC69C009D7055 /* RtError.h */,
			);
			name = include;
			path = ../../../libs/rtAudio/include;
			sourceTree = SOURCE_ROOT;
		};
		E45BE2D70E8CC69C009D7055 /* asio */ = {
			isa = PBXGroup;
			children = (
			);
			name = asio;
			path = ../../../libs/rtAudio/include/asio;
			sourceTree = SOURCE_ROOT;
		};
		E45BE2E20E8CC69C009D7055 /* lib */ = {
			isa = PBXGroup;
			children = (
				E45BE2E30E8CC69C009D7055 /* rtAudio.a */,
			);
			name = lib;
			path = ../../../libs/rtAudio/lib/osx;
			sourceTree = SOURCE_ROOT;
		};
		E45BE5980E8CC70C009D7055 /* core frameworks */ = {
			isa = PBXGroup;
			children = (
				E4C2424410CC5A17004149E2 /* AppKit.framework */,
				E4C2424510CC5A17004149E2 /* Cocoa.framework */,
				E4C2424610CC5A17004149E2 /* IOKit.framework */,
				E45BE9710E8CC7DD009D7055 /* AGL.framework */,
				E45BE9720E8CC7DD009D7055 /* ApplicationServices.framework */,
				E45BE9730E8CC7DD009D7055 /* AudioToolbox.framework */,
				E45BE9740E8CC7DD009D7055 /* Carbon.framework */,
				E45BE9750E8CC7DD009D7055 /* CoreAudio.framework */,
				E45BE9760E8CC7DD009D7055 /* CoreFoundation.framework */,
				E45BE9770E8CC7DD009D7055 /* CoreServices.framework */,
				E45BE9790E8CC7DD009D7055 /* OpenGL.framework */,
				E45BE97A0E8CC7DD009D7055 /* QuickTime.framework */,
			);
			name = "core frameworks";
			sourceTree = "<group>";
		};
		E45BEC7B0E8CC911009D7055 /* poco */ = {
			isa = PBXGroup;
			children = (
				E4C2427910CC5B66004149E2 /* osx */,
			);
			name = poco;
			path = ../../../libs/poco;
			sourceTree = SOURCE_ROOT;
		};
		E45BEED60E8CCB34009D7055 /* core */ = {
			isa = PBXGroup;
			children = (
				E45BE0480E8CC657009D7055 /* core libraries */,
				E45BE5980E8CC70C009D7055 /* core frameworks */,
			);
			name = core;
			sourceTree = "<group>";
		};
		E4B69B4A0A3A1720003C02F2 = {
			isa = PBXGroup;
			children = (
				E4B69B5B0A3A1756003C02F2 /* CubuDebug.app */,
				E4B6FCAD0C3E899E008CF71C /* openFrameworks-Info.plist */,
				E4B69E1C0A3A1BDC003C02F2 /* src */,
				E4C2422310CC54B6004149E2 /* openFrameworks */,
				E45BE0360E8CC5DE009D7055 /* libs */,
			);
			sourceTree = "<group>";
		};
		E4B69E1C0A3A1BDC003C02F2 /* src */ = {
			isa = PBXGroup;
			children = (
				648D421711D1822E0079562A /* dbhandler.cpp */,
				648D421811D1822E0079562A /* dbhandler.h */,
				648D421911D1822E0079562A /* Terminal.cpp */,
				648D421A11D1822E0079562A /* Terminal.h */,
				CDADB00F11D12E68007A923C /* mysql */,
				CDEE43CB11CF65A400E436A1 /* addons */,
				E4B69E1D0A3A1BDC003C02F2 /* main.cpp */,
				E4B69E1F0A3A1BDC003C02F2 /* cubu.h */,
				E4B69E1E0A3A1BDC003C02F2 /* cubu.cpp */,
			);
			path = src;
			sourceTree = SOURCE_ROOT;
		};
		E4C2421710CC549C004149E2 /* Products */ = {
			isa = PBXGroup;
			children = (
				E4C2421E10CC549C004149E2 /* openFrameworksDebug.a */,
			);
			name = Products;
			sourceTree = "<group>";
		};
		E4C2422310CC54B6004149E2 /* openFrameworks */ = {
			isa = PBXGroup;
			children = (
				E4C2421610CC549C004149E2 /* openFrameworksLib.xcodeproj */,
			);
			name = openFrameworks;
			sourceTree = "<group>";
		};
		E4C2425B10CC5A78004149E2 /* glut */ = {
			isa = PBXGroup;
			children = (
				E4C2425D10CC5A78004149E2 /* lib */,
			);
			name = glut;
			path = ../../../libs/glut;
			sourceTree = SOURCE_ROOT;
		};
		E4C2425D10CC5A78004149E2 /* lib */ = {
			isa = PBXGroup;
			children = (
				E4C2425E10CC5A78004149E2 /* osx */,
			);
			name = lib;
			path = ../../../libs/glut/lib;
			sourceTree = SOURCE_ROOT;
		};
		E4C2425E10CC5A78004149E2 /* osx */ = {
			isa = PBXGroup;
			children = (
				E4C2425F10CC5A78004149E2 /* GLUT.framework */,
			);
			name = osx;
			path = ../../../libs/glut/lib/osx;
			sourceTree = SOURCE_ROOT;
		};
		E4C2427910CC5B66004149E2 /* osx */ = {
			isa = PBXGroup;
			children = (
				E4C2427A10CC5B66004149E2 /* CppUnit.a */,
				E4C2427B10CC5B66004149E2 /* PocoFoundation.a */,
				E4C2427C10CC5B66004149E2 /* PocoNet.a */,
				E4C2427D10CC5B66004149E2 /* PocoUtil.a */,
				E4C2427E10CC5B66004149E2 /* PocoXML.a */,
			);
			name = osx;
			path = ../../../libs/poco/lib/osx;
			sourceTree = SOURCE_ROOT;
		};
		E4C2428E10CC5C18004149E2 /* osx */ = {
			isa = PBXGroup;
			children = (
				E4C242CC10CC650E004149E2 /* libfmodex.dylib */,
			);
			name = osx;
			path = ../../../libs/fmodex/lib/osx;
			sourceTree = SOURCE_ROOT;
		};
		E4C2429210CC5C38004149E2 /* osx */ = {
			isa = PBXGroup;
			children = (
				E4C2429310CC5C38004149E2 /* freetype.a */,
			);
			name = osx;
			path = ../../../libs/freetype/lib/osx;
			sourceTree = SOURCE_ROOT;
		};
		E4C246D810CCAE22004149E2 /* osx */ = {
			isa = PBXGroup;
			children = (
				E4C246D910CCAE22004149E2 /* freeimage.a */,
			);
			name = osx;
			path = ../../../libs/FreeImage/lib/osx;
			sourceTree = SOURCE_ROOT;
		};
/* End PBXGroup section */

/* Begin PBXNativeTarget section */
		E4B69B5A0A3A1756003C02F2 /* Cubu */ = {
			isa = PBXNativeTarget;
			buildConfigurationList = E4B69B5F0A3A1757003C02F2 /* Build configuration list for PBXNativeTarget "Cubu" */;
			buildPhases = (
				E4B69B580A3A1756003C02F2 /* Sources */,
				E4B69B590A3A1756003C02F2 /* Frameworks */,
				E4B6FFFD0C3F9AB9008CF71C /* ShellScript */,
				E4C2427710CC5ABF004149E2 /* CopyFiles */,
				E4C2444710CC769B004149E2 /* CopyFiles */,
			);
			buildRules = (
			);
			dependencies = (
				E4C2422810CC54DA004149E2 /* PBXTargetDependency */,
			);
			name = Cubu;
			productName = myOFApp;
			productReference = E4B69B5B0A3A1756003C02F2 /* CubuDebug.app */;
			productType = "com.apple.product-type.application";
		};
/* End PBXNativeTarget section */

/* Begin PBXProject section */
		E4B69B4C0A3A1720003C02F2 /* Project object */ = {
			isa = PBXProject;
			buildConfigurationList = E4B69B4D0A3A1720003C02F2 /* Build configuration list for PBXProject "cubu" */;
			compatibilityVersion = "Xcode 2.4";
			hasScannedForEncodings = 0;
			mainGroup = E4B69B4A0A3A1720003C02F2;
			productRefGroup = E4B69B4A0A3A1720003C02F2;
			projectDirPath = "";
			projectReferences = (
				{
					ProductGroup = E4C2421710CC549C004149E2 /* Products */;
					ProjectRef = E4C2421610CC549C004149E2 /* openFrameworksLib.xcodeproj */;
				},
			);
			projectRoot = "";
			targets = (
				E4B69B5A0A3A1756003C02F2 /* Cubu */,
			);
		};
/* End PBXProject section */

/* Begin PBXReferenceProxy section */
		E4C2421E10CC549C004149E2 /* openFrameworksDebug.a */ = {
			isa = PBXReferenceProxy;
			fileType = archive.ar;
			path = openFrameworksDebug.a;
			remoteRef = E4C2421D10CC549C004149E2 /* PBXContainerItemProxy */;
			sourceTree = BUILT_PRODUCTS_DIR;
		};
/* End PBXReferenceProxy section */

/* Begin PBXShellScriptBuildPhase section */
		E4B6FFFD0C3F9AB9008CF71C /* ShellScript */ = {
			isa = PBXShellScriptBuildPhase;
			buildActionMask = 2147483647;
			files = (
			);
			inputPaths = (
			);
			outputPaths = (
			);
			runOnlyForDeploymentPostprocessing = 0;
			shellPath = /bin/sh;
			shellScript = "cp -f ../../../libs/fmodex/lib/osx/libfmodex.dylib \"$TARGET_BUILD_DIR/$PRODUCT_NAME.app/Contents/MacOS/libfmodex.dylib\"\ninstall_name_tool -change ./libfmodex.dylib @executable_path/libfmodex.dylib \"$TARGET_BUILD_DIR/$PRODUCT_NAME.app/Contents/MacOS/$PRODUCT_NAME\" ";
		};
/* End PBXShellScriptBuildPhase section */

/* Begin PBXSourcesBuildPhase section */
		E4B69B580A3A1756003C02F2 /* Sources */ = {
			isa = PBXSourcesBuildPhase;
			buildActionMask = 2147483647;
			files = (
				E4B69E200A3A1BDC003C02F2 /* main.cpp in Sources */,
				E4B69E210A3A1BDC003C02F2 /* cubu.cpp in Sources */,
				CDEE445311CF65A500E436A1 /* fidtrackX.cpp in Sources */,
				CDEE445411CF65A500E436A1 /* segment.cpp in Sources */,
				CDEE445511CF65A500E436A1 /* treeidmap.cpp in Sources */,
				CDEE445611CF65A500E436A1 /* ofxFiducialFinder.cpp in Sources */,
				CDEE445711CF65A500E436A1 /* ofxFiducialTracker.cpp in Sources */,
				CDEE445A11CF65A500E436A1 /* ofxCvColorImage.cpp in Sources */,
				CDEE445B11CF65A500E436A1 /* ofxCvContourFinder.cpp in Sources */,
				CDEE445C11CF65A500E436A1 /* ofxCvFloatImage.cpp in Sources */,
				CDEE445D11CF65A500E436A1 /* ofxCvGrayscaleImage.cpp in Sources */,
				CDEE445E11CF65A500E436A1 /* ofxCvImage.cpp in Sources */,
				CDEE445F11CF65A500E436A1 /* ofxCvShortImage.cpp in Sources */,
				CDEE449211CF669B00E436A1 /* sqlite3.c in Sources */,
				CDEE449311CF669B00E436A1 /* ofxSQLite.cpp in Sources */,
				CDEE449411CF669B00E436A1 /* ofxSQLiteAbstract.cpp in Sources */,
				CDEE449511CF669B00E436A1 /* ofxSQLiteDelete.cpp in Sources */,
				CDEE449611CF669B00E436A1 /* ofxSQLiteFieldValues.cpp in Sources */,
				CDEE449711CF669B00E436A1 /* ofxSQLiteInsert.cpp in Sources */,
				CDEE449811CF669B00E436A1 /* ofxSQLiteSelect.cpp in Sources */,
				CDEE449911CF669B00E436A1 /* ofxSQLiteUpdate.cpp in Sources */,
				648D421B11D1822E0079562A /* dbhandler.cpp in Sources */,
				648D421C11D1822E0079562A /* Terminal.cpp in Sources */,
			);
			runOnlyForDeploymentPostprocessing = 0;
		};
/* End PBXSourcesBuildPhase section */

/* Begin PBXTargetDependency section */
		E4C2422810CC54DA004149E2 /* PBXTargetDependency */ = {
			isa = PBXTargetDependency;
			name = openFrameworks;
			targetProxy = E4C2422710CC54DA004149E2 /* PBXContainerItemProxy */;
		};
/* End PBXTargetDependency section */

/* Begin XCBuildConfiguration section */
		E4B27CA010CBF8A600536013 /* ReleaseUniversal */ = {
			isa = XCBuildConfiguration;
			buildSettings = {
				ARCHS = (
					ppc,
					i386,
				);
				CONFIGURATION_BUILD_DIR = "$(SRCROOT)/bin/";
				COPY_PHASE_STRIP = YES;
				DEAD_CODE_STRIPPING = YES;
				GCC_AUTO_VECTORIZATION = YES;
				GCC_ENABLE_SSE3_EXTENSIONS = YES;
				GCC_ENABLE_SUPPLEMENTAL_SSE3_INSTRUCTIONS = YES;
				GCC_INLINES_ARE_PRIVATE_EXTERN = NO;
				GCC_MODEL_TUNING = G5;
				GCC_OPTIMIZATION_LEVEL = 3;
				GCC_SYMBOLS_PRIVATE_EXTERN = NO;
				GCC_UNROLL_LOOPS = YES;
				GCC_WARN_ABOUT_DEPRECATED_FUNCTIONS = NO;
				GCC_WARN_ABOUT_INVALID_OFFSETOF_MACRO = NO;
				GCC_WARN_ALLOW_INCOMPLETE_PROTOCOL = NO;
				GCC_WARN_UNINITIALIZED_AUTOS = NO;
				GCC_WARN_UNUSED_VALUE = NO;
				GCC_WARN_UNUSED_VARIABLE = NO;
				HEADER_SEARCH_PATHS = (
					"../../../libs/openFrameworks/**",
					../../../libs/freetype/include/,
					../../../libs/freetype/include/freetype2,
					../../../libs/poco/include,
					../../../addons/,
				);
				LIBRARY_SEARCH_PATHS = "mysql/opt//**";
				OTHER_CPLUSPLUSFLAGS = (
					"-D__MACOSX_CORE__",
					"-lpthread",
				);
				OTHER_LDFLAGS = "";
				SDKROOT = /Developer/SDKs/MacOSX10.5.sdk;
			};
			name = ReleaseUniversal;
		};
		E4B27CA110CBF8A600536013 /* ReleaseUniversal */ = {
			isa = XCBuildConfiguration;
			buildSettings = {
				COPY_PHASE_STRIP = YES;
				FRAMEWORK_SEARCH_PATHS = (
					"$(inherited)",
					"$(FRAMEWORK_SEARCH_PATHS_QUOTED_FOR_TARGET_1)",
				);
				FRAMEWORK_SEARCH_PATHS_QUOTED_FOR_TARGET_1 = "\"$(SRCROOT)/../../../libs/glut/lib/osx\"";
				GCC_ENABLE_FIX_AND_CONTINUE = NO;
				GCC_GENERATE_DEBUGGING_SYMBOLS = NO;
				GCC_MODEL_TUNING = G4;
				GCC_PRECOMPILE_PREFIX_HEADER = YES;
				GCC_PREFIX_HEADER = "$(SYSTEM_LIBRARY_DIR)/Frameworks/Carbon.framework/Headers/Carbon.h";
				INFOPLIST_FILE = "openFrameworks-Info.plist";
				INSTALL_PATH = "$(HOME)/Applications";
				LIBRARY_SEARCH_PATHS = (
					"$(inherited)",
					"$(LIBRARY_SEARCH_PATHS_QUOTED_FOR_TARGET_1)",
					"$(LIBRARY_SEARCH_PATHS_QUOTED_FOR_TARGET_2)",
					"$(LIBRARY_SEARCH_PATHS_QUOTED_FOR_TARGET_3)",
					"$(LIBRARY_SEARCH_PATHS_QUOTED_FOR_TARGET_4)",
					"$(LIBRARY_SEARCH_PATHS_QUOTED_FOR_TARGET_5)",
					"$(LIBRARY_SEARCH_PATHS_QUOTED_FOR_TARGET_6)",
					"$(LIBRARY_SEARCH_PATHS_QUOTED_FOR_TARGET_7)",
					"$(LIBRARY_SEARCH_PATHS_QUOTED_FOR_TARGET_8)",
					"$(LIBRARY_SEARCH_PATHS_QUOTED_FOR_TARGET_9)",
					"$(LIBRARY_SEARCH_PATHS_QUOTED_FOR_TARGET_10)",
					"$(LIBRARY_SEARCH_PATHS_QUOTED_FOR_TARGET_11)",
					"$(LIBRARY_SEARCH_PATHS_QUOTED_FOR_TARGET_12)",
					"$(LIBRARY_SEARCH_PATHS_QUOTED_FOR_TARGET_13)",
					"$(LIBRARY_SEARCH_PATHS_QUOTED_FOR_TARGET_14)",
					"$(LIBRARY_SEARCH_PATHS_QUOTED_FOR_TARGET_15)",
					"$(LIBRARY_SEARCH_PATHS_QUOTED_FOR_TARGET_2)",
					"$(LIBRARY_SEARCH_PATHS_QUOTED_FOR_TARGET_3)",
					"$(LIBRARY_SEARCH_PATHS_QUOTED_FOR_TARGET_7)",
					"$(LIBRARY_SEARCH_PATHS_QUOTED_FOR_TARGET_8)",
					"$(LIBRARY_SEARCH_PATHS_QUOTED_FOR_TARGET_9)",
				);
				LIBRARY_SEARCH_PATHS_QUOTED_FOR_TARGET_1 = "\"$(SRCROOT)/../../../libs/freeimage/lib/osx\"";
				LIBRARY_SEARCH_PATHS_QUOTED_FOR_TARGET_14 = "\"$(SRCROOT)/../../../libs/fmodex/lib/osx\"";
				LIBRARY_SEARCH_PATHS_QUOTED_FOR_TARGET_15 = "\"$(SRCROOT)/../../../libs/freetype/lib/osx\"";
				LIBRARY_SEARCH_PATHS_QUOTED_FOR_TARGET_2 = "\"$(SRCROOT)/../../../libs/FreeImage/lib/osx\"";
				LIBRARY_SEARCH_PATHS_QUOTED_FOR_TARGET_3 = "\"$(SRCROOT)/../../../addons/ofxOpenCv/libs/opencv/lib/osx\"";
				LIBRARY_SEARCH_PATHS_QUOTED_FOR_TARGET_4 = "\"$(SRCROOT)/../../../libs/GLee/lib/osx\"";
				LIBRARY_SEARCH_PATHS_QUOTED_FOR_TARGET_5 = "\"$(SRCROOT)/../../../libs/poco/lib/osx\"";
				LIBRARY_SEARCH_PATHS_QUOTED_FOR_TARGET_6 = "\"$(SRCROOT)/../../../libs/rtAudio/lib/osx\"";
				LIBRARY_SEARCH_PATHS_QUOTED_FOR_TARGET_7 = "\"$(SRCROOT)/addons/ofxOpenCv/libs/opencv/lib/osx\"";
				LIBRARY_SEARCH_PATHS_QUOTED_FOR_TARGET_8 = "\"$(SRCROOT)/mysql/lib/opt\"";
				LIBRARY_SEARCH_PATHS_QUOTED_FOR_TARGET_9 = "\"$(SRCROOT)/mysql/mac\"";
				PREBINDING = NO;
				PRODUCT_NAME = "$(TARGET_NAME)Universal";
				WRAPPER_EXTENSION = app;
				ZERO_LINK = NO;
			};
			name = ReleaseUniversal;
		};
		E4B69B4E0A3A1720003C02F2 /* Debug */ = {
			isa = XCBuildConfiguration;
			buildSettings = {
				ARCHS = "$(NATIVE_ARCH)";
				CONFIGURATION_BUILD_DIR = "$(SRCROOT)/bin/";
				COPY_PHASE_STRIP = NO;
				DEAD_CODE_STRIPPING = YES;
				GCC_AUTO_VECTORIZATION = YES;
				GCC_ENABLE_SSE3_EXTENSIONS = YES;
				GCC_ENABLE_SUPPLEMENTAL_SSE3_INSTRUCTIONS = YES;
				GCC_INLINES_ARE_PRIVATE_EXTERN = NO;
				GCC_MODEL_TUNING = G5;
				GCC_SYMBOLS_PRIVATE_EXTERN = NO;
				GCC_WARN_ABOUT_DEPRECATED_FUNCTIONS = NO;
				GCC_WARN_ABOUT_INVALID_OFFSETOF_MACRO = NO;
				GCC_WARN_ALLOW_INCOMPLETE_PROTOCOL = NO;
				GCC_WARN_UNINITIALIZED_AUTOS = NO;
				GCC_WARN_UNUSED_VALUE = NO;
				GCC_WARN_UNUSED_VARIABLE = NO;
				HEADER_SEARCH_PATHS = (
					"../../../libs/openFrameworks/**",
					../../../libs/freetype/include/,
					../../../libs/freetype/include/freetype2,
					../../../libs/poco/include,
					../../../addons/,
				);
				LIBRARY_SEARCH_PATHS = (
					"mysql/lib/opt//**",
					mysql/mac,
				);
				OTHER_CPLUSPLUSFLAGS = (
					"-D__MACOSX_CORE__",
					"-lpthread",
				);
				OTHER_LDFLAGS = "";
				PRELINK_LIBS = "wsock32.lib mysqlclient.lib mysys.lib libmysql.lib";
				SDKROOT = /Developer/SDKs/MacOSX10.5.sdk;
			};
			name = Debug;
		};
		E4B69B4F0A3A1720003C02F2 /* Release */ = {
			isa = XCBuildConfiguration;
			buildSettings = {
				ARCHS = "$(NATIVE_ARCH)";
				CONFIGURATION_BUILD_DIR = "$(SRCROOT)/bin/";
				COPY_PHASE_STRIP = YES;
				DEAD_CODE_STRIPPING = YES;
				GCC_AUTO_VECTORIZATION = YES;
				GCC_ENABLE_SSE3_EXTENSIONS = YES;
				GCC_ENABLE_SUPPLEMENTAL_SSE3_INSTRUCTIONS = YES;
				GCC_INLINES_ARE_PRIVATE_EXTERN = NO;
				GCC_MODEL_TUNING = G5;
				GCC_OPTIMIZATION_LEVEL = 3;
				GCC_SYMBOLS_PRIVATE_EXTERN = NO;
				GCC_UNROLL_LOOPS = YES;
				GCC_WARN_ABOUT_DEPRECATED_FUNCTIONS = NO;
				GCC_WARN_ABOUT_INVALID_OFFSETOF_MACRO = NO;
				GCC_WARN_ALLOW_INCOMPLETE_PROTOCOL = NO;
				GCC_WARN_UNINITIALIZED_AUTOS = NO;
				GCC_WARN_UNUSED_VALUE = NO;
				GCC_WARN_UNUSED_VARIABLE = NO;
				HEADER_SEARCH_PATHS = (
					"../../../libs/openFrameworks/**",
					../../../libs/freetype/include/,
					../../../libs/freetype/include/freetype2,
					../../../libs/poco/include,
					../../../addons/,
				);
				LIBRARY_SEARCH_PATHS = "mysql/opt//**";
				OTHER_CPLUSPLUSFLAGS = (
					"-D__MACOSX_CORE__",
					"-lpthread",
				);
				OTHER_LDFLAGS = "";
				SDKROOT = /Developer/SDKs/MacOSX10.5.sdk;
			};
			name = Release;
		};
		E4B69B600A3A1757003C02F2 /* Debug */ = {
			isa = XCBuildConfiguration;
			buildSettings = {
				COPY_PHASE_STRIP = NO;
				FRAMEWORK_SEARCH_PATHS = (
					"$(inherited)",
					"$(FRAMEWORK_SEARCH_PATHS_QUOTED_FOR_TARGET_1)",
				);
				FRAMEWORK_SEARCH_PATHS_QUOTED_FOR_TARGET_1 = "\"$(SRCROOT)/../../../libs/glut/lib/osx\"";
				GCC_DYNAMIC_NO_PIC = NO;
				GCC_ENABLE_FIX_AND_CONTINUE = YES;
				GCC_GENERATE_DEBUGGING_SYMBOLS = YES;
				GCC_MODEL_TUNING = G4;
				GCC_OPTIMIZATION_LEVEL = 0;
				GCC_PRECOMPILE_PREFIX_HEADER = YES;
				GCC_PREFIX_HEADER = "$(SYSTEM_LIBRARY_DIR)/Frameworks/Carbon.framework/Headers/Carbon.h";
				INFOPLIST_FILE = "openFrameworks-Info.plist";
				INSTALL_PATH = "$(HOME)/Applications";
				LIBRARY_SEARCH_PATHS = (
					"$(inherited)",
					"$(LIBRARY_SEARCH_PATHS_QUOTED_FOR_TARGET_1)",
					"$(LIBRARY_SEARCH_PATHS_QUOTED_FOR_TARGET_2)",
					"$(LIBRARY_SEARCH_PATHS_QUOTED_FOR_TARGET_3)",
					"$(LIBRARY_SEARCH_PATHS_QUOTED_FOR_TARGET_4)",
					"$(LIBRARY_SEARCH_PATHS_QUOTED_FOR_TARGET_5)",
					"$(LIBRARY_SEARCH_PATHS_QUOTED_FOR_TARGET_6)",
					"$(LIBRARY_SEARCH_PATHS_QUOTED_FOR_TARGET_7)",
					"$(LIBRARY_SEARCH_PATHS_QUOTED_FOR_TARGET_8)",
					"$(LIBRARY_SEARCH_PATHS_QUOTED_FOR_TARGET_9)",
					"$(LIBRARY_SEARCH_PATHS_QUOTED_FOR_TARGET_10)",
					"$(LIBRARY_SEARCH_PATHS_QUOTED_FOR_TARGET_11)",
					"$(LIBRARY_SEARCH_PATHS_QUOTED_FOR_TARGET_12)",
					"$(LIBRARY_SEARCH_PATHS_QUOTED_FOR_TARGET_13)",
					"$(LIBRARY_SEARCH_PATHS_QUOTED_FOR_TARGET_14)",
					"$(LIBRARY_SEARCH_PATHS_QUOTED_FOR_TARGET_15)",
					"$(LIBRARY_SEARCH_PATHS_QUOTED_FOR_TARGET_2)",
					"$(LIBRARY_SEARCH_PATHS_QUOTED_FOR_TARGET_3)",
					"$(LIBRARY_SEARCH_PATHS_QUOTED_FOR_TARGET_7)",
					"$(LIBRARY_SEARCH_PATHS_QUOTED_FOR_TARGET_8)",
					"$(LIBRARY_SEARCH_PATHS_QUOTED_FOR_TARGET_9)",
				);
				LIBRARY_SEARCH_PATHS_QUOTED_FOR_TARGET_1 = "\"$(SRCROOT)/../../../libs/freeimage/lib/osx\"";
				LIBRARY_SEARCH_PATHS_QUOTED_FOR_TARGET_14 = "\"$(SRCROOT)/../../../libs/fmodex/lib/osx\"";
				LIBRARY_SEARCH_PATHS_QUOTED_FOR_TARGET_15 = "\"$(SRCROOT)/../../../libs/freetype/lib/osx\"";
				LIBRARY_SEARCH_PATHS_QUOTED_FOR_TARGET_2 = "\"$(SRCROOT)/../../../libs/FreeImage/lib/osx\"";
				LIBRARY_SEARCH_PATHS_QUOTED_FOR_TARGET_3 = "\"$(SRCROOT)/../../../addons/ofxOpenCv/libs/opencv/lib/osx\"";
				LIBRARY_SEARCH_PATHS_QUOTED_FOR_TARGET_4 = "\"$(SRCROOT)/../../../libs/GLee/lib/osx\"";
				LIBRARY_SEARCH_PATHS_QUOTED_FOR_TARGET_5 = "\"$(SRCROOT)/../../../libs/poco/lib/osx\"";
				LIBRARY_SEARCH_PATHS_QUOTED_FOR_TARGET_6 = "\"$(SRCROOT)/../../../libs/rtAudio/lib/osx\"";
				LIBRARY_SEARCH_PATHS_QUOTED_FOR_TARGET_7 = "\"$(SRCROOT)/addons/ofxOpenCv/libs/opencv/lib/osx\"";
				LIBRARY_SEARCH_PATHS_QUOTED_FOR_TARGET_8 = "\"$(SRCROOT)/mysql/lib/opt\"";
				LIBRARY_SEARCH_PATHS_QUOTED_FOR_TARGET_9 = "\"$(SRCROOT)/mysql/mac\"";
				PREBINDING = NO;
				PRODUCT_NAME = "$(TARGET_NAME)Debug";
				WRAPPER_EXTENSION = app;
				ZERO_LINK = NO;
			};
			name = Debug;
		};
		E4B69B610A3A1757003C02F2 /* Release */ = {
			isa = XCBuildConfiguration;
			buildSettings = {
				COPY_PHASE_STRIP = YES;
				FRAMEWORK_SEARCH_PATHS = (
					"$(inherited)",
					"$(FRAMEWORK_SEARCH_PATHS_QUOTED_FOR_TARGET_1)",
				);
				FRAMEWORK_SEARCH_PATHS_QUOTED_FOR_TARGET_1 = "\"$(SRCROOT)/../../../libs/glut/lib/osx\"";
				GCC_ENABLE_FIX_AND_CONTINUE = NO;
				GCC_GENERATE_DEBUGGING_SYMBOLS = NO;
				GCC_MODEL_TUNING = G4;
				GCC_PRECOMPILE_PREFIX_HEADER = YES;
				GCC_PREFIX_HEADER = "$(SYSTEM_LIBRARY_DIR)/Frameworks/Carbon.framework/Headers/Carbon.h";
				INFOPLIST_FILE = "openFrameworks-Info.plist";
				INSTALL_PATH = "$(HOME)/Applications";
				LIBRARY_SEARCH_PATHS = (
					"$(inherited)",
					"$(LIBRARY_SEARCH_PATHS_QUOTED_FOR_TARGET_1)",
					"$(LIBRARY_SEARCH_PATHS_QUOTED_FOR_TARGET_2)",
					"$(LIBRARY_SEARCH_PATHS_QUOTED_FOR_TARGET_3)",
					"$(LIBRARY_SEARCH_PATHS_QUOTED_FOR_TARGET_4)",
					"$(LIBRARY_SEARCH_PATHS_QUOTED_FOR_TARGET_5)",
					"$(LIBRARY_SEARCH_PATHS_QUOTED_FOR_TARGET_6)",
					"$(LIBRARY_SEARCH_PATHS_QUOTED_FOR_TARGET_7)",
					"$(LIBRARY_SEARCH_PATHS_QUOTED_FOR_TARGET_8)",
					"$(LIBRARY_SEARCH_PATHS_QUOTED_FOR_TARGET_9)",
					"$(LIBRARY_SEARCH_PATHS_QUOTED_FOR_TARGET_10)",
					"$(LIBRARY_SEARCH_PATHS_QUOTED_FOR_TARGET_11)",
					"$(LIBRARY_SEARCH_PATHS_QUOTED_FOR_TARGET_12)",
					"$(LIBRARY_SEARCH_PATHS_QUOTED_FOR_TARGET_13)",
					"$(LIBRARY_SEARCH_PATHS_QUOTED_FOR_TARGET_14)",
					"$(LIBRARY_SEARCH_PATHS_QUOTED_FOR_TARGET_15)",
					"$(LIBRARY_SEARCH_PATHS_QUOTED_FOR_TARGET_2)",
					"$(LIBRARY_SEARCH_PATHS_QUOTED_FOR_TARGET_3)",
					"$(LIBRARY_SEARCH_PATHS_QUOTED_FOR_TARGET_7)",
					"$(LIBRARY_SEARCH_PATHS_QUOTED_FOR_TARGET_8)",
					"$(LIBRARY_SEARCH_PATHS_QUOTED_FOR_TARGET_9)",
				);
				LIBRARY_SEARCH_PATHS_QUOTED_FOR_TARGET_1 = "\"$(SRCROOT)/../../../libs/freeimage/lib/osx\"";
				LIBRARY_SEARCH_PATHS_QUOTED_FOR_TARGET_14 = "\"$(SRCROOT)/../../../libs/fmodex/lib/osx\"";
				LIBRARY_SEARCH_PATHS_QUOTED_FOR_TARGET_15 = "\"$(SRCROOT)/../../../libs/freetype/lib/osx\"";
				LIBRARY_SEARCH_PATHS_QUOTED_FOR_TARGET_2 = "\"$(SRCROOT)/../../../libs/FreeImage/lib/osx\"";
				LIBRARY_SEARCH_PATHS_QUOTED_FOR_TARGET_3 = "\"$(SRCROOT)/../../../addons/ofxOpenCv/libs/opencv/lib/osx\"";
				LIBRARY_SEARCH_PATHS_QUOTED_FOR_TARGET_4 = "\"$(SRCROOT)/../../../libs/GLee/lib/osx\"";
				LIBRARY_SEARCH_PATHS_QUOTED_FOR_TARGET_5 = "\"$(SRCROOT)/../../../libs/poco/lib/osx\"";
				LIBRARY_SEARCH_PATHS_QUOTED_FOR_TARGET_6 = "\"$(SRCROOT)/../../../libs/rtAudio/lib/osx\"";
				LIBRARY_SEARCH_PATHS_QUOTED_FOR_TARGET_7 = "\"$(SRCROOT)/addons/ofxOpenCv/libs/opencv/lib/osx\"";
				LIBRARY_SEARCH_PATHS_QUOTED_FOR_TARGET_8 = "\"$(SRCROOT)/mysql/lib/opt\"";
				LIBRARY_SEARCH_PATHS_QUOTED_FOR_TARGET_9 = "\"$(SRCROOT)/mysql/mac\"";
				PREBINDING = NO;
				PRODUCT_NAME = "$(TARGET_NAME)";
				WRAPPER_EXTENSION = app;
				ZERO_LINK = NO;
			};
			name = Release;
		};
/* End XCBuildConfiguration section */

/* Begin XCConfigurationList section */
		E4B69B4D0A3A1720003C02F2 /* Build configuration list for PBXProject "cubu" */ = {
			isa = XCConfigurationList;
			buildConfigurations = (
				E4B69B4E0A3A1720003C02F2 /* Debug */,
				E4B69B4F0A3A1720003C02F2 /* Release */,
				E4B27CA010CBF8A600536013 /* ReleaseUniversal */,
			);
			defaultConfigurationIsVisible = 0;
			defaultConfigurationName = Release;
		};
		E4B69B5F0A3A1757003C02F2 /* Build configuration list for PBXNativeTarget "Cubu" */ = {
			isa = XCConfigurationList;
			buildConfigurations = (
				E4B69B600A3A1757003C02F2 /* Debug */,
				E4B69B610A3A1757003C02F2 /* Release */,
				E4B27CA110CBF8A600536013 /* ReleaseUniversal */,
			);
			defaultConfigurationIsVisible = 0;
			defaultConfigurationName = Release;
		};
/* End XCConfigurationList section */
	};
	rootObject = E4B69B4C0A3A1720003C02F2 /* Project object */;
}
